// !$*UTF8*$!
{
	archiveVersion = 1;
	classes = {
	};
	objectVersion = 46;
	objects = {

/* Begin PBXBuildFile section */
		1806BD2715F8E82A005EEE12 /* Model.xcdatamodeld in Sources */ = {isa = PBXBuildFile; fileRef = 1806BD2415F8E82A005EEE12 /* Model.xcdatamodeld */; };
		18850605161453510031398D /* AccountDetailsViewController.m in Sources */ = {isa = PBXBuildFile; fileRef = 18850604161453510031398D /* AccountDetailsViewController.m */; };
		188A20B51615DA8A0053641A /* AccountCell.m in Sources */ = {isa = PBXBuildFile; fileRef = 188A20B41615DA890053641A /* AccountCell.m */; };
		188A20B91615E0B80053641A /* RenrenAccountDetailsViewController.m in Sources */ = {isa = PBXBuildFile; fileRef = 188A20B81615E0B80053641A /* RenrenAccountDetailsViewController.m */; };
		188A20C11615F4910053641A /* MyRenrenLoginDelegate.m in Sources */ = {isa = PBXBuildFile; fileRef = 188A20C01615F4910053641A /* MyRenrenLoginDelegate.m */; };
		188A20C41615FA260053641A /* MyRenrenGetUserInfoDelegate.m in Sources */ = {isa = PBXBuildFile; fileRef = 188A20C31615FA260053641A /* MyRenrenGetUserInfoDelegate.m */; };
		18CB515515EBAF41009A8741 /* UIKit.framework in Frameworks */ = {isa = PBXBuildFile; fileRef = 18CB515415EBAF41009A8741 /* UIKit.framework */; };
		18CB515715EBAF41009A8741 /* Foundation.framework in Frameworks */ = {isa = PBXBuildFile; fileRef = 18CB515615EBAF41009A8741 /* Foundation.framework */; };
		18CB515915EBAF41009A8741 /* CoreGraphics.framework in Frameworks */ = {isa = PBXBuildFile; fileRef = 18CB515815EBAF41009A8741 /* CoreGraphics.framework */; };
		18CB515F15EBAF41009A8741 /* InfoPlist.strings in Resources */ = {isa = PBXBuildFile; fileRef = 18CB515D15EBAF41009A8741 /* InfoPlist.strings */; };
		18CB516115EBAF41009A8741 /* main.m in Sources */ = {isa = PBXBuildFile; fileRef = 18CB516015EBAF41009A8741 /* main.m */; };
		18CB516515EBAF41009A8741 /* AppDelegate.m in Sources */ = {isa = PBXBuildFile; fileRef = 18CB516415EBAF41009A8741 /* AppDelegate.m */; };
		18CB516815EBAF41009A8741 /* MainStoryboard.storyboard in Resources */ = {isa = PBXBuildFile; fileRef = 18CB516615EBAF41009A8741 /* MainStoryboard.storyboard */; };
		18CB516B15EBAF41009A8741 /* ViewController.m in Sources */ = {isa = PBXBuildFile; fileRef = 18CB516A15EBAF41009A8741 /* ViewController.m */; };
		18CB517315EBAF41009A8741 /* SenTestingKit.framework in Frameworks */ = {isa = PBXBuildFile; fileRef = 18CB517215EBAF41009A8741 /* SenTestingKit.framework */; };
		18CB517415EBAF41009A8741 /* UIKit.framework in Frameworks */ = {isa = PBXBuildFile; fileRef = 18CB515415EBAF41009A8741 /* UIKit.framework */; };
		18CB517515EBAF41009A8741 /* Foundation.framework in Frameworks */ = {isa = PBXBuildFile; fileRef = 18CB515615EBAF41009A8741 /* Foundation.framework */; };
		18CB517D15EBAF41009A8741 /* InfoPlist.strings in Resources */ = {isa = PBXBuildFile; fileRef = 18CB517B15EBAF41009A8741 /* InfoPlist.strings */; };
		18CB518015EBAF41009A8741 /* BDReminderNewTests.m in Sources */ = {isa = PBXBuildFile; fileRef = 18CB517F15EBAF41009A8741 /* BDReminderNewTests.m */; };
		18CB519715EBAF94009A8741 /* FacebookAccount.m in Sources */ = {isa = PBXBuildFile; fileRef = 18CB518C15EBAF94009A8741 /* FacebookAccount.m */; };
		18CB519815EBAF94009A8741 /* RenrenAccount.m in Sources */ = {isa = PBXBuildFile; fileRef = 18CB518E15EBAF94009A8741 /* RenrenAccount.m */; };
		18CB519915EBAF94009A8741 /* Account.m in Sources */ = {isa = PBXBuildFile; fileRef = 18CB519015EBAF94009A8741 /* Account.m */; };
		18CB519A15EBAF94009A8741 /* AggregatedContact.m in Sources */ = {isa = PBXBuildFile; fileRef = 18CB519215EBAF94009A8741 /* AggregatedContact.m */; };
		18CB519B15EBAF94009A8741 /* Contact.m in Sources */ = {isa = PBXBuildFile; fileRef = 18CB519415EBAF94009A8741 /* Contact.m */; };
		18CB519D15EBAFC2009A8741 /* CoreData.framework in Frameworks */ = {isa = PBXBuildFile; fileRef = 18CB519C15EBAFC2009A8741 /* CoreData.framework */; };
		18E7525D161859E9009811BE /* MyRenrenGetFriendsDelegate.m in Sources */ = {isa = PBXBuildFile; fileRef = 18E7525C161859E9009811BE /* MyRenrenGetFriendsDelegate.m */; };
		18E7526116189116009811BE /* MyRenrenGetBirthdaysFromUidsDelegate.m in Sources */ = {isa = PBXBuildFile; fileRef = 18E7526016189115009811BE /* MyRenrenGetBirthdaysFromUidsDelegate.m */; };
		18F74ACA1613E8D80019970B /* FMDatabase.m in Sources */ = {isa = PBXBuildFile; fileRef = 18F74A421613E8D80019970B /* FMDatabase.m */; settings = {COMPILER_FLAGS = "-fno-objc-arc"; }; };
		18F74ACB1613E8D80019970B /* FMDatabaseAdditions.m in Sources */ = {isa = PBXBuildFile; fileRef = 18F74A441613E8D80019970B /* FMDatabaseAdditions.m */; };
		18F74ACC1613E8D80019970B /* FMResultSet.m in Sources */ = {isa = PBXBuildFile; fileRef = 18F74A461613E8D80019970B /* FMResultSet.m */; settings = {COMPILER_FLAGS = "-fno-objc-arc"; }; };
		18F74ACD1613E8D80019970B /* NSObject+SBJSON.m in Sources */ = {isa = PBXBuildFile; fileRef = 18F74A4A1613E8D80019970B /* NSObject+SBJSON.m */; settings = {COMPILER_FLAGS = "-fno-objc-arc"; }; };
		18F74ACE1613E8D80019970B /* NSString+SBJSON.m in Sources */ = {isa = PBXBuildFile; fileRef = 18F74A4C1613E8D80019970B /* NSString+SBJSON.m */; settings = {COMPILER_FLAGS = "-fno-objc-arc"; }; };
		18F74ACF1613E8D80019970B /* SBJSON.m in Sources */ = {isa = PBXBuildFile; fileRef = 18F74A4E1613E8D80019970B /* SBJSON.m */; settings = {COMPILER_FLAGS = "-fno-objc-arc"; }; };
		18F74AD01613E8D80019970B /* SBJsonBase.m in Sources */ = {isa = PBXBuildFile; fileRef = 18F74A501613E8D80019970B /* SBJsonBase.m */; settings = {COMPILER_FLAGS = "-fno-objc-arc"; }; };
		18F74AD11613E8D80019970B /* SBJsonParser.m in Sources */ = {isa = PBXBuildFile; fileRef = 18F74A521613E8D80019970B /* SBJsonParser.m */; settings = {COMPILER_FLAGS = "-fno-objc-arc"; }; };
		18F74AD21613E8D80019970B /* SBJsonWriter.m in Sources */ = {isa = PBXBuildFile; fileRef = 18F74A541613E8D80019970B /* SBJsonWriter.m */; settings = {COMPILER_FLAGS = "-fno-objc-arc"; }; };
		18F74AD31613E8D80019970B /* Renren.m in Sources */ = {isa = PBXBuildFile; fileRef = 18F74A571613E8D80019970B /* Renren.m */; settings = {COMPILER_FLAGS = "-fno-objc-arc"; }; };
		18F74AD41613E8D80019970B /* RenrenPay.m in Sources */ = {isa = PBXBuildFile; fileRef = 18F74A591613E8D80019970B /* RenrenPay.m */; settings = {COMPILER_FLAGS = "-fno-objc-arc"; }; };
		18F74AD51613E8D80019970B /* ROBaseDialogViewController.m in Sources */ = {isa = PBXBuildFile; fileRef = 18F74A5D1613E8D80019970B /* ROBaseDialogViewController.m */; settings = {COMPILER_FLAGS = "-fno-objc-arc"; }; };
		18F74AD61613E8D80019970B /* ROCheckDialogViewController.m in Sources */ = {isa = PBXBuildFile; fileRef = 18F74A5F1613E8D80019970B /* ROCheckDialogViewController.m */; settings = {COMPILER_FLAGS = "-fno-objc-arc"; }; };
		18F74AD71613E8D80019970B /* ROPayDialogViewController.m in Sources */ = {isa = PBXBuildFile; fileRef = 18F74A611613E8D80019970B /* ROPayDialogViewController.m */; settings = {COMPILER_FLAGS = "-fno-objc-arc"; }; };
		18F74AD81613E8D80019970B /* ROWebDialogViewController.m in Sources */ = {isa = PBXBuildFile; fileRef = 18F74A631613E8D80019970B /* ROWebDialogViewController.m */; settings = {COMPILER_FLAGS = "-fno-objc-arc"; }; };
		18F74AD91613E8D80019970B /* ROError.m in Sources */ = {isa = PBXBuildFile; fileRef = 18F74A661613E8D80019970B /* ROError.m */; settings = {COMPILER_FLAGS = "-fno-objc-arc"; }; };
		18F74ADA1613E8D80019970B /* ROPayError.m in Sources */ = {isa = PBXBuildFile; fileRef = 18F74A681613E8D80019970B /* ROPayError.m */; settings = {COMPILER_FLAGS = "-fno-objc-arc"; }; };
		18F74ADB1613E8D80019970B /* bottom-bar.png in Resources */ = {isa = PBXBuildFile; fileRef = 18F74A6A1613E8D80019970B /* bottom-bar.png */; };
		18F74ADC1613E8D80019970B /* bottom-bar@2x.png in Resources */ = {isa = PBXBuildFile; fileRef = 18F74A6B1613E8D80019970B /* bottom-bar@2x.png */; };
		18F74ADD1613E8D80019970B /* close.png in Resources */ = {isa = PBXBuildFile; fileRef = 18F74A6C1613E8D80019970B /* close.png */; };
		18F74ADE1613E8D80019970B /* close@2x.png in Resources */ = {isa = PBXBuildFile; fileRef = 18F74A6D1613E8D80019970B /* close@2x.png */; };
		18F74ADF1613E8D80019970B /* close_selected.png in Resources */ = {isa = PBXBuildFile; fileRef = 18F74A6E1613E8D80019970B /* close_selected.png */; };
		18F74AE01613E8D80019970B /* close_selected@2x.png in Resources */ = {isa = PBXBuildFile; fileRef = 18F74A6F1613E8D80019970B /* close_selected@2x.png */; };
		18F74AE11613E8D80019970B /* head-frame.png in Resources */ = {isa = PBXBuildFile; fileRef = 18F74A701613E8D80019970B /* head-frame.png */; };
		18F74AE21613E8D80019970B /* head-frame@2x.png in Resources */ = {isa = PBXBuildFile; fileRef = 18F74A711613E8D80019970B /* head-frame@2x.png */; };
		18F74AE31613E8D80019970B /* input-frame.png in Resources */ = {isa = PBXBuildFile; fileRef = 18F74A721613E8D80019970B /* input-frame.png */; };
		18F74AE41613E8D80019970B /* input-frame@2x.png in Resources */ = {isa = PBXBuildFile; fileRef = 18F74A731613E8D80019970B /* input-frame@2x.png */; };
		18F74AE51613E8D80019970B /* PayLogo.png in Resources */ = {isa = PBXBuildFile; fileRef = 18F74A741613E8D80019970B /* PayLogo.png */; };
		18F74AE61613E8D80019970B /* PayLogo@2x.png in Resources */ = {isa = PBXBuildFile; fileRef = 18F74A751613E8D80019970B /* PayLogo@2x.png */; };
		18F74AE71613E8D80019970B /* photo-frame.png in Resources */ = {isa = PBXBuildFile; fileRef = 18F74A761613E8D80019970B /* photo-frame.png */; };
		18F74AE81613E8D80019970B /* photo-frame@2x.png in Resources */ = {isa = PBXBuildFile; fileRef = 18F74A771613E8D80019970B /* photo-frame@2x.png */; };
		18F74AE91613E8D80019970B /* renren-logo-top-bar.png in Resources */ = {isa = PBXBuildFile; fileRef = 18F74A781613E8D80019970B /* renren-logo-top-bar.png */; };
		18F74AEA1613E8D80019970B /* renren-logo-top-bar@2x.png in Resources */ = {isa = PBXBuildFile; fileRef = 18F74A791613E8D80019970B /* renren-logo-top-bar@2x.png */; };
		18F74AEB1613E8D80019970B /* RepairButton.png in Resources */ = {isa = PBXBuildFile; fileRef = 18F74A7A1613E8D80019970B /* RepairButton.png */; };
		18F74AEC1613E8D80019970B /* RepairButton@2x.png in Resources */ = {isa = PBXBuildFile; fileRef = 18F74A7B1613E8D80019970B /* RepairButton@2x.png */; };
		18F74AED1613E8D80019970B /* small-button-normal.png in Resources */ = {isa = PBXBuildFile; fileRef = 18F74A7C1613E8D80019970B /* small-button-normal.png */; };
		18F74AEE1613E8D80019970B /* small-button-normal@2x.png in Resources */ = {isa = PBXBuildFile; fileRef = 18F74A7D1613E8D80019970B /* small-button-normal@2x.png */; };
		18F74AEF1613E8D80019970B /* ROBaseNavigationViewController.m in Sources */ = {isa = PBXBuildFile; fileRef = 18F74A801613E8D80019970B /* ROBaseNavigationViewController.m */; settings = {COMPILER_FLAGS = "-fno-objc-arc"; }; };
		18F74AF01613E8D80019970B /* ROCheckNavigationViewController.m in Sources */ = {isa = PBXBuildFile; fileRef = 18F74A821613E8D80019970B /* ROCheckNavigationViewController.m */; settings = {COMPILER_FLAGS = "-fno-objc-arc"; }; };
		18F74AF11613E8D80019970B /* ROPayNavigationViewController.m in Sources */ = {isa = PBXBuildFile; fileRef = 18F74A841613E8D80019970B /* ROPayNavigationViewController.m */; settings = {COMPILER_FLAGS = "-fno-objc-arc"; }; };
		18F74AF21613E8D80019970B /* ROWebNavigationViewController.m in Sources */ = {isa = PBXBuildFile; fileRef = 18F74A861613E8D80019970B /* ROWebNavigationViewController.m */; settings = {COMPILER_FLAGS = "-fno-objc-arc"; }; };
		18F74AF31613E8D80019970B /* ROPayDB.m in Sources */ = {isa = PBXBuildFile; fileRef = 18F74A891613E8D80019970B /* ROPayDB.m */; settings = {COMPILER_FLAGS = "-fno-objc-arc"; }; };
		18F74AF41613E8D80019970B /* ROPayOrderDao.m in Sources */ = {isa = PBXBuildFile; fileRef = 18F74A8B1613E8D80019970B /* ROPayOrderDao.m */; settings = {COMPILER_FLAGS = "-fno-objc-arc"; }; };
		18F74AF51613E8D80019970B /* ROPayOrderInfo.m in Sources */ = {isa = PBXBuildFile; fileRef = 18F74A8D1613E8D80019970B /* ROPayOrderInfo.m */; settings = {COMPILER_FLAGS = "-fno-objc-arc"; }; };
		18F74AF61613E8D80019970B /* ROAlbumsInfoRequestParam.m in Sources */ = {isa = PBXBuildFile; fileRef = 18F74A911613E8D80019970B /* ROAlbumsInfoRequestParam.m */; settings = {COMPILER_FLAGS = "-fno-objc-arc"; }; };
		18F74AF71613E8D80019970B /* ROCreateAlbumRequestParam.m in Sources */ = {isa = PBXBuildFile; fileRef = 18F74A931613E8D80019970B /* ROCreateAlbumRequestParam.m */; settings = {COMPILER_FLAGS = "-fno-objc-arc"; }; };
		18F74AF81613E8D80019970B /* ROGetFriendsInfoRequestParam.m in Sources */ = {isa = PBXBuildFile; fileRef = 18F74A951613E8D80019970B /* ROGetFriendsInfoRequestParam.m */; settings = {COMPILER_FLAGS = "-fno-objc-arc"; }; };
		18F74AF91613E8D80019970B /* ROGetFriendsRequestParam.m in Sources */ = {isa = PBXBuildFile; fileRef = 18F74A971613E8D80019970B /* ROGetFriendsRequestParam.m */; settings = {COMPILER_FLAGS = "-fno-objc-arc"; }; };
		18F74AFA1613E8D80019970B /* ROPasswordFlowRequestParam.m in Sources */ = {isa = PBXBuildFile; fileRef = 18F74A991613E8D80019970B /* ROPasswordFlowRequestParam.m */; settings = {COMPILER_FLAGS = "-fno-objc-arc"; }; };
		18F74AFB1613E8D80019970B /* ROPublishPhotoRequestParam.m in Sources */ = {isa = PBXBuildFile; fileRef = 18F74A9B1613E8D80019970B /* ROPublishPhotoRequestParam.m */; settings = {COMPILER_FLAGS = "-fno-objc-arc"; }; };
		18F74AFC1613E8D80019970B /* RORequestParam.m in Sources */ = {isa = PBXBuildFile; fileRef = 18F74A9D1613E8D80019970B /* RORequestParam.m */; settings = {COMPILER_FLAGS = "-fno-objc-arc"; }; };
		18F74AFD1613E8D80019970B /* ROUserInfoRequestParam.m in Sources */ = {isa = PBXBuildFile; fileRef = 18F74A9F1613E8D80019970B /* ROUserInfoRequestParam.m */; settings = {COMPILER_FLAGS = "-fno-objc-arc"; }; };
		18F74AFE1613E8D80019970B /* ROAlbumResponseltem.m in Sources */ = {isa = PBXBuildFile; fileRef = 18F74AA21613E8D80019970B /* ROAlbumResponseltem.m */; settings = {COMPILER_FLAGS = "-fno-objc-arc"; }; };
		18F74AFF1613E8D80019970B /* ROCreateAlbumResponseItem.m in Sources */ = {isa = PBXBuildFile; fileRef = 18F74AA41613E8D80019970B /* ROCreateAlbumResponseItem.m */; settings = {COMPILER_FLAGS = "-fno-objc-arc"; }; };
		18F74B001613E8D80019970B /* ROFriendResponseItem.m in Sources */ = {isa = PBXBuildFile; fileRef = 18F74AA61613E8D80019970B /* ROFriendResponseItem.m */; settings = {COMPILER_FLAGS = "-fno-objc-arc"; }; };
		18F74B011613E8D80019970B /* ROPublishPhotoResponseItem.m in Sources */ = {isa = PBXBuildFile; fileRef = 18F74AA81613E8D80019970B /* ROPublishPhotoResponseItem.m */; settings = {COMPILER_FLAGS = "-fno-objc-arc"; }; };
		18F74B021613E8D80019970B /* ROResponseItem.m in Sources */ = {isa = PBXBuildFile; fileRef = 18F74AAA1613E8D80019970B /* ROResponseItem.m */; settings = {COMPILER_FLAGS = "-fno-objc-arc"; }; };
		18F74B031613E8D80019970B /* ROUserResponseItem.m in Sources */ = {isa = PBXBuildFile; fileRef = 18F74AAC1613E8D80019970B /* ROUserResponseItem.m */; settings = {COMPILER_FLAGS = "-fno-objc-arc"; }; };
		18F74B041613E8D80019970B /* RORequest.m in Sources */ = {isa = PBXBuildFile; fileRef = 18F74AAE1613E8D80019970B /* RORequest.m */; settings = {COMPILER_FLAGS = "-fno-objc-arc"; }; };
		18F74B051613E8D80019970B /* ROResponse.m in Sources */ = {isa = PBXBuildFile; fileRef = 18F74AB01613E8D80019970B /* ROResponse.m */; settings = {COMPILER_FLAGS = "-fno-objc-arc"; }; };
		18F74B061613E8D80019970B /* ROUtility.m in Sources */ = {isa = PBXBuildFile; fileRef = 18F74AB41613E8D80019970B /* ROUtility.m */; settings = {COMPILER_FLAGS = "-fno-objc-arc"; }; };
		18F74B071613E8D80019970B /* ROCheckOrderCell.m in Sources */ = {isa = PBXBuildFile; fileRef = 18F74AB71613E8D80019970B /* ROCheckOrderCell.m */; settings = {COMPILER_FLAGS = "-fno-objc-arc"; }; };
		18F74B081613E8D80019970B /* ROCheckOrderCell.xib in Resources */ = {isa = PBXBuildFile; fileRef = 18F74AB81613E8D80019970B /* ROCheckOrderCell.xib */; };
		18F74B091613E8D80019970B /* RODialogModel.m in Sources */ = {isa = PBXBuildFile; fileRef = 18F74ABB1613E8D80019970B /* RODialogModel.m */; settings = {COMPILER_FLAGS = "-fno-objc-arc"; }; };
		18F74B0A1613E8D80019970B /* RODialogView.m in Sources */ = {isa = PBXBuildFile; fileRef = 18F74ABD1613E8D80019970B /* RODialogView.m */; settings = {COMPILER_FLAGS = "-fno-objc-arc"; }; };
		18F74B0B1613E8D80019970B /* ROCloseButton.m in Sources */ = {isa = PBXBuildFile; fileRef = 18F74AC01613E8D80019970B /* ROCloseButton.m */; settings = {COMPILER_FLAGS = "-fno-objc-arc"; }; };
		18F74B0C1613E8D80019970B /* ROGlobalStyle.m in Sources */ = {isa = PBXBuildFile; fileRef = 18F74AC21613E8D80019970B /* ROGlobalStyle.m */; settings = {COMPILER_FLAGS = "-fno-objc-arc"; }; };
		18F74B0D1613E8D80019970B /* ROImageView.m in Sources */ = {isa = PBXBuildFile; fileRef = 18F74AC41613E8D80019970B /* ROImageView.m */; settings = {COMPILER_FLAGS = "-fno-objc-arc"; }; };
		18F74B0E1613E8D80019970B /* ROPublishPhotoDialogModel.m in Sources */ = {isa = PBXBuildFile; fileRef = 18F74AC71613E8D80019970B /* ROPublishPhotoDialogModel.m */; settings = {COMPILER_FLAGS = "-fno-objc-arc"; }; };
		18F74B0F1613E8D80019970B /* ROPublishPhotoInternal.m in Sources */ = {isa = PBXBuildFile; fileRef = 18F74AC91613E8D80019970B /* ROPublishPhotoInternal.m */; settings = {COMPILER_FLAGS = "-fno-objc-arc"; }; };
		18F74B111613E9050019970B /* libsqlite3.0.dylib in Frameworks */ = {isa = PBXBuildFile; fileRef = 18F74B101613E9050019970B /* libsqlite3.0.dylib */; };
		941DC2AE1614399900BC48AB /* Facebook-icon.png in Resources */ = {isa = PBXBuildFile; fileRef = 941DC2AD1614399900BC48AB /* Facebook-icon.png */; };
		943C7054161B2BFB00F1D987 /* FacebookAccountDetailsViewController.m in Sources */ = {isa = PBXBuildFile; fileRef = 943C7053161B2BFB00F1D987 /* FacebookAccountDetailsViewController.m */; };
		94408C4F15F528C200653E77 /* ContactCell.m in Sources */ = {isa = PBXBuildFile; fileRef = 94408C4E15F528C200653E77 /* ContactCell.m */; };
		947895AF1619EC9D00E26947 /* Accounts.framework in Frameworks */ = {isa = PBXBuildFile; fileRef = 947895AE1619EC9D00E26947 /* Accounts.framework */; };
		947895D2161AEA0400E26947 /* MyFacebookLoginDelegate.m in Sources */ = {isa = PBXBuildFile; fileRef = 947895D1161AEA0400E26947 /* MyFacebookLoginDelegate.m */; };
		94AC5DB5161DC52D00B5983C /* FacebookSDK.framework in Frameworks */ = {isa = PBXBuildFile; fileRef = 94AC5DB4161DC52D00B5983C /* FacebookSDK.framework */; };
		94AC5DB8161DC53500B5983C /* FacebookSDKResources.bundle in Resources */ = {isa = PBXBuildFile; fileRef = 94AC5DB6161DC53500B5983C /* FacebookSDKResources.bundle */; };
		94AC5DB9161DC53500B5983C /* FBUserSettingsViewResources.bundle in Resources */ = {isa = PBXBuildFile; fileRef = 94AC5DB7161DC53500B5983C /* FBUserSettingsViewResources.bundle */; };
		94C18D2C1605F7EF00ADF52F /* AccountsViewController.m in Sources */ = {isa = PBXBuildFile; fileRef = 94C18D2B1605F7EF00ADF52F /* AccountsViewController.m */; };
		94E9AF8115EBBE2300940CF7 /* ContactsViewController.m in Sources */ = {isa = PBXBuildFile; fileRef = 94E9AF8015EBBE2300940CF7 /* ContactsViewController.m */; };
		94F40E671614391B00C2A23C /* Renren-icon.png in Resources */ = {isa = PBXBuildFile; fileRef = 94F40E661614391B00C2A23C /* Renren-icon.png */; };
/* End PBXBuildFile section */

/* Begin PBXContainerItemProxy section */
		18CB517615EBAF41009A8741 /* PBXContainerItemProxy */ = {
			isa = PBXContainerItemProxy;
			containerPortal = 18CB514715EBAF41009A8741 /* Project object */;
			proxyType = 1;
			remoteGlobalIDString = 18CB514F15EBAF41009A8741;
			remoteInfo = BDReminderNew;
		};
/* End PBXContainerItemProxy section */

/* Begin PBXFileReference section */
		1806BD2515F8E82A005EEE12 /* Model 2.xcdatamodel */ = {isa = PBXFileReference; lastKnownFileType = wrapper.xcdatamodel; path = "Model 2.xcdatamodel"; sourceTree = "<group>"; };
		1806BD2615F8E82A005EEE12 /* Model.xcdatamodel */ = {isa = PBXFileReference; lastKnownFileType = wrapper.xcdatamodel; path = Model.xcdatamodel; sourceTree = "<group>"; };
		18850603161453510031398D /* AccountDetailsViewController.h */ = {isa = PBXFileReference; fileEncoding = 4; lastKnownFileType = sourcecode.c.h; path = AccountDetailsViewController.h; sourceTree = "<group>"; };
		18850604161453510031398D /* AccountDetailsViewController.m */ = {isa = PBXFileReference; fileEncoding = 4; lastKnownFileType = sourcecode.c.objc; path = AccountDetailsViewController.m; sourceTree = "<group>"; };
		188A20B31615DA890053641A /* AccountCell.h */ = {isa = PBXFileReference; fileEncoding = 4; lastKnownFileType = sourcecode.c.h; path = AccountCell.h; sourceTree = "<group>"; };
		188A20B41615DA890053641A /* AccountCell.m */ = {isa = PBXFileReference; fileEncoding = 4; lastKnownFileType = sourcecode.c.objc; path = AccountCell.m; sourceTree = "<group>"; };
		188A20B71615E0B80053641A /* RenrenAccountDetailsViewController.h */ = {isa = PBXFileReference; fileEncoding = 4; lastKnownFileType = sourcecode.c.h; path = RenrenAccountDetailsViewController.h; sourceTree = "<group>"; };
		188A20B81615E0B80053641A /* RenrenAccountDetailsViewController.m */ = {isa = PBXFileReference; fileEncoding = 4; lastKnownFileType = sourcecode.c.objc; path = RenrenAccountDetailsViewController.m; sourceTree = "<group>"; };
		188A20BF1615F4910053641A /* MyRenrenLoginDelegate.h */ = {isa = PBXFileReference; fileEncoding = 4; lastKnownFileType = sourcecode.c.h; path = MyRenrenLoginDelegate.h; sourceTree = "<group>"; };
		188A20C01615F4910053641A /* MyRenrenLoginDelegate.m */ = {isa = PBXFileReference; fileEncoding = 4; lastKnownFileType = sourcecode.c.objc; path = MyRenrenLoginDelegate.m; sourceTree = "<group>"; };
		188A20C21615FA260053641A /* MyRenrenGetUserInfoDelegate.h */ = {isa = PBXFileReference; fileEncoding = 4; lastKnownFileType = sourcecode.c.h; path = MyRenrenGetUserInfoDelegate.h; sourceTree = "<group>"; };
		188A20C31615FA260053641A /* MyRenrenGetUserInfoDelegate.m */ = {isa = PBXFileReference; fileEncoding = 4; lastKnownFileType = sourcecode.c.objc; path = MyRenrenGetUserInfoDelegate.m; sourceTree = "<group>"; };
		18CB515015EBAF41009A8741 /* BDReminderNew.app */ = {isa = PBXFileReference; explicitFileType = wrapper.application; includeInIndex = 0; path = BDReminderNew.app; sourceTree = BUILT_PRODUCTS_DIR; };
		18CB515415EBAF41009A8741 /* UIKit.framework */ = {isa = PBXFileReference; lastKnownFileType = wrapper.framework; name = UIKit.framework; path = System/Library/Frameworks/UIKit.framework; sourceTree = SDKROOT; };
		18CB515615EBAF41009A8741 /* Foundation.framework */ = {isa = PBXFileReference; lastKnownFileType = wrapper.framework; name = Foundation.framework; path = System/Library/Frameworks/Foundation.framework; sourceTree = SDKROOT; };
		18CB515815EBAF41009A8741 /* CoreGraphics.framework */ = {isa = PBXFileReference; lastKnownFileType = wrapper.framework; name = CoreGraphics.framework; path = System/Library/Frameworks/CoreGraphics.framework; sourceTree = SDKROOT; };
		18CB515C15EBAF41009A8741 /* BDReminderNew-Info.plist */ = {isa = PBXFileReference; lastKnownFileType = text.plist.xml; path = "BDReminderNew-Info.plist"; sourceTree = "<group>"; };
		18CB515E15EBAF41009A8741 /* en */ = {isa = PBXFileReference; lastKnownFileType = text.plist.strings; name = en; path = en.lproj/InfoPlist.strings; sourceTree = "<group>"; };
		18CB516015EBAF41009A8741 /* main.m */ = {isa = PBXFileReference; lastKnownFileType = sourcecode.c.objc; path = main.m; sourceTree = "<group>"; };
		18CB516215EBAF41009A8741 /* BDReminderNew-Prefix.pch */ = {isa = PBXFileReference; lastKnownFileType = sourcecode.c.h; path = "BDReminderNew-Prefix.pch"; sourceTree = "<group>"; };
		18CB516315EBAF41009A8741 /* AppDelegate.h */ = {isa = PBXFileReference; lastKnownFileType = sourcecode.c.h; path = AppDelegate.h; sourceTree = "<group>"; };
		18CB516415EBAF41009A8741 /* AppDelegate.m */ = {isa = PBXFileReference; lastKnownFileType = sourcecode.c.objc; path = AppDelegate.m; sourceTree = "<group>"; };
		18CB516715EBAF41009A8741 /* en */ = {isa = PBXFileReference; lastKnownFileType = file.storyboard; name = en; path = en.lproj/MainStoryboard.storyboard; sourceTree = "<group>"; };
		18CB516915EBAF41009A8741 /* ViewController.h */ = {isa = PBXFileReference; lastKnownFileType = sourcecode.c.h; path = ViewController.h; sourceTree = "<group>"; };
		18CB516A15EBAF41009A8741 /* ViewController.m */ = {isa = PBXFileReference; lastKnownFileType = sourcecode.c.objc; path = ViewController.m; sourceTree = "<group>"; };
		18CB517115EBAF41009A8741 /* BDReminderNewTests.octest */ = {isa = PBXFileReference; explicitFileType = wrapper.cfbundle; includeInIndex = 0; path = BDReminderNewTests.octest; sourceTree = BUILT_PRODUCTS_DIR; };
		18CB517215EBAF41009A8741 /* SenTestingKit.framework */ = {isa = PBXFileReference; lastKnownFileType = wrapper.framework; name = SenTestingKit.framework; path = Library/Frameworks/SenTestingKit.framework; sourceTree = DEVELOPER_DIR; };
		18CB517A15EBAF41009A8741 /* BDReminderNewTests-Info.plist */ = {isa = PBXFileReference; lastKnownFileType = text.plist.xml; path = "BDReminderNewTests-Info.plist"; sourceTree = "<group>"; };
		18CB517C15EBAF41009A8741 /* en */ = {isa = PBXFileReference; lastKnownFileType = text.plist.strings; name = en; path = en.lproj/InfoPlist.strings; sourceTree = "<group>"; };
		18CB517E15EBAF41009A8741 /* BDReminderNewTests.h */ = {isa = PBXFileReference; lastKnownFileType = sourcecode.c.h; path = BDReminderNewTests.h; sourceTree = "<group>"; };
		18CB517F15EBAF41009A8741 /* BDReminderNewTests.m */ = {isa = PBXFileReference; lastKnownFileType = sourcecode.c.objc; path = BDReminderNewTests.m; sourceTree = "<group>"; };
		18CB518B15EBAF94009A8741 /* FacebookAccount.h */ = {isa = PBXFileReference; fileEncoding = 4; lastKnownFileType = sourcecode.c.h; path = FacebookAccount.h; sourceTree = "<group>"; };
		18CB518C15EBAF94009A8741 /* FacebookAccount.m */ = {isa = PBXFileReference; fileEncoding = 4; lastKnownFileType = sourcecode.c.objc; path = FacebookAccount.m; sourceTree = "<group>"; };
		18CB518D15EBAF94009A8741 /* RenrenAccount.h */ = {isa = PBXFileReference; fileEncoding = 4; lastKnownFileType = sourcecode.c.h; path = RenrenAccount.h; sourceTree = "<group>"; };
		18CB518E15EBAF94009A8741 /* RenrenAccount.m */ = {isa = PBXFileReference; fileEncoding = 4; lastKnownFileType = sourcecode.c.objc; path = RenrenAccount.m; sourceTree = "<group>"; };
		18CB518F15EBAF94009A8741 /* Account.h */ = {isa = PBXFileReference; fileEncoding = 4; lastKnownFileType = sourcecode.c.h; path = Account.h; sourceTree = "<group>"; };
		18CB519015EBAF94009A8741 /* Account.m */ = {isa = PBXFileReference; fileEncoding = 4; lastKnownFileType = sourcecode.c.objc; path = Account.m; sourceTree = "<group>"; };
		18CB519115EBAF94009A8741 /* AggregatedContact.h */ = {isa = PBXFileReference; fileEncoding = 4; lastKnownFileType = sourcecode.c.h; path = AggregatedContact.h; sourceTree = "<group>"; };
		18CB519215EBAF94009A8741 /* AggregatedContact.m */ = {isa = PBXFileReference; fileEncoding = 4; lastKnownFileType = sourcecode.c.objc; path = AggregatedContact.m; sourceTree = "<group>"; };
		18CB519315EBAF94009A8741 /* Contact.h */ = {isa = PBXFileReference; fileEncoding = 4; lastKnownFileType = sourcecode.c.h; path = Contact.h; sourceTree = "<group>"; };
		18CB519415EBAF94009A8741 /* Contact.m */ = {isa = PBXFileReference; fileEncoding = 4; lastKnownFileType = sourcecode.c.objc; path = Contact.m; sourceTree = "<group>"; };
		18CB519515EBAF94009A8741 /* AccountProtocol.h */ = {isa = PBXFileReference; fileEncoding = 4; lastKnownFileType = sourcecode.c.h; path = AccountProtocol.h; sourceTree = "<group>"; };
		18CB519C15EBAFC2009A8741 /* CoreData.framework */ = {isa = PBXFileReference; lastKnownFileType = wrapper.framework; name = CoreData.framework; path = System/Library/Frameworks/CoreData.framework; sourceTree = SDKROOT; };
		18E7525B161859E9009811BE /* MyRenrenGetFriendsDelegate.h */ = {isa = PBXFileReference; fileEncoding = 4; lastKnownFileType = sourcecode.c.h; path = MyRenrenGetFriendsDelegate.h; sourceTree = "<group>"; };
		18E7525C161859E9009811BE /* MyRenrenGetFriendsDelegate.m */ = {isa = PBXFileReference; fileEncoding = 4; lastKnownFileType = sourcecode.c.objc; path = MyRenrenGetFriendsDelegate.m; sourceTree = "<group>"; };
		18E7525F16189115009811BE /* MyRenrenGetBirthdaysFromUidsDelegate.h */ = {isa = PBXFileReference; fileEncoding = 4; lastKnownFileType = sourcecode.c.h; path = MyRenrenGetBirthdaysFromUidsDelegate.h; sourceTree = "<group>"; };
		18E7526016189115009811BE /* MyRenrenGetBirthdaysFromUidsDelegate.m */ = {isa = PBXFileReference; fileEncoding = 4; lastKnownFileType = sourcecode.c.objc; path = MyRenrenGetBirthdaysFromUidsDelegate.m; sourceTree = "<group>"; };
		18F74A411613E8D80019970B /* FMDatabase.h */ = {isa = PBXFileReference; fileEncoding = 4; lastKnownFileType = sourcecode.c.h; path = FMDatabase.h; sourceTree = "<group>"; };
		18F74A421613E8D80019970B /* FMDatabase.m */ = {isa = PBXFileReference; fileEncoding = 4; lastKnownFileType = sourcecode.c.objc; path = FMDatabase.m; sourceTree = "<group>"; };
		18F74A431613E8D80019970B /* FMDatabaseAdditions.h */ = {isa = PBXFileReference; fileEncoding = 4; lastKnownFileType = sourcecode.c.h; path = FMDatabaseAdditions.h; sourceTree = "<group>"; };
		18F74A441613E8D80019970B /* FMDatabaseAdditions.m */ = {isa = PBXFileReference; fileEncoding = 4; lastKnownFileType = sourcecode.c.objc; path = FMDatabaseAdditions.m; sourceTree = "<group>"; };
		18F74A451613E8D80019970B /* FMResultSet.h */ = {isa = PBXFileReference; fileEncoding = 4; lastKnownFileType = sourcecode.c.h; path = FMResultSet.h; sourceTree = "<group>"; };
		18F74A461613E8D80019970B /* FMResultSet.m */ = {isa = PBXFileReference; fileEncoding = 4; lastKnownFileType = sourcecode.c.objc; path = FMResultSet.m; sourceTree = "<group>"; };
		18F74A481613E8D80019970B /* JSON.h */ = {isa = PBXFileReference; fileEncoding = 4; lastKnownFileType = sourcecode.c.h; path = JSON.h; sourceTree = "<group>"; };
		18F74A491613E8D80019970B /* NSObject+SBJSON.h */ = {isa = PBXFileReference; fileEncoding = 4; lastKnownFileType = sourcecode.c.h; path = "NSObject+SBJSON.h"; sourceTree = "<group>"; };
		18F74A4A1613E8D80019970B /* NSObject+SBJSON.m */ = {isa = PBXFileReference; fileEncoding = 4; lastKnownFileType = sourcecode.c.objc; path = "NSObject+SBJSON.m"; sourceTree = "<group>"; };
		18F74A4B1613E8D80019970B /* NSString+SBJSON.h */ = {isa = PBXFileReference; fileEncoding = 4; lastKnownFileType = sourcecode.c.h; path = "NSString+SBJSON.h"; sourceTree = "<group>"; };
		18F74A4C1613E8D80019970B /* NSString+SBJSON.m */ = {isa = PBXFileReference; fileEncoding = 4; lastKnownFileType = sourcecode.c.objc; path = "NSString+SBJSON.m"; sourceTree = "<group>"; };
		18F74A4D1613E8D80019970B /* SBJSON.h */ = {isa = PBXFileReference; fileEncoding = 4; lastKnownFileType = sourcecode.c.h; path = SBJSON.h; sourceTree = "<group>"; };
		18F74A4E1613E8D80019970B /* SBJSON.m */ = {isa = PBXFileReference; fileEncoding = 4; lastKnownFileType = sourcecode.c.objc; path = SBJSON.m; sourceTree = "<group>"; };
		18F74A4F1613E8D80019970B /* SBJsonBase.h */ = {isa = PBXFileReference; fileEncoding = 4; lastKnownFileType = sourcecode.c.h; path = SBJsonBase.h; sourceTree = "<group>"; };
		18F74A501613E8D80019970B /* SBJsonBase.m */ = {isa = PBXFileReference; fileEncoding = 4; lastKnownFileType = sourcecode.c.objc; path = SBJsonBase.m; sourceTree = "<group>"; };
		18F74A511613E8D80019970B /* SBJsonParser.h */ = {isa = PBXFileReference; fileEncoding = 4; lastKnownFileType = sourcecode.c.h; path = SBJsonParser.h; sourceTree = "<group>"; };
		18F74A521613E8D80019970B /* SBJsonParser.m */ = {isa = PBXFileReference; fileEncoding = 4; lastKnownFileType = sourcecode.c.objc; path = SBJsonParser.m; sourceTree = "<group>"; };
		18F74A531613E8D80019970B /* SBJsonWriter.h */ = {isa = PBXFileReference; fileEncoding = 4; lastKnownFileType = sourcecode.c.h; path = SBJsonWriter.h; sourceTree = "<group>"; };
		18F74A541613E8D80019970B /* SBJsonWriter.m */ = {isa = PBXFileReference; fileEncoding = 4; lastKnownFileType = sourcecode.c.objc; path = SBJsonWriter.m; sourceTree = "<group>"; };
		18F74A561613E8D80019970B /* Renren.h */ = {isa = PBXFileReference; fileEncoding = 4; lastKnownFileType = sourcecode.c.h; path = Renren.h; sourceTree = "<group>"; };
		18F74A571613E8D80019970B /* Renren.m */ = {isa = PBXFileReference; fileEncoding = 4; lastKnownFileType = sourcecode.c.objc; path = Renren.m; sourceTree = "<group>"; };
		18F74A581613E8D80019970B /* RenrenPay.h */ = {isa = PBXFileReference; fileEncoding = 4; lastKnownFileType = sourcecode.c.h; path = RenrenPay.h; sourceTree = "<group>"; };
		18F74A591613E8D80019970B /* RenrenPay.m */ = {isa = PBXFileReference; fileEncoding = 4; lastKnownFileType = sourcecode.c.objc; path = RenrenPay.m; sourceTree = "<group>"; };
		18F74A5A1613E8D80019970B /* ROConnect.h */ = {isa = PBXFileReference; fileEncoding = 4; lastKnownFileType = sourcecode.c.h; path = ROConnect.h; sourceTree = "<group>"; };
		18F74A5C1613E8D80019970B /* ROBaseDialogViewController.h */ = {isa = PBXFileReference; fileEncoding = 4; lastKnownFileType = sourcecode.c.h; path = ROBaseDialogViewController.h; sourceTree = "<group>"; };
		18F74A5D1613E8D80019970B /* ROBaseDialogViewController.m */ = {isa = PBXFileReference; fileEncoding = 4; lastKnownFileType = sourcecode.c.objc; path = ROBaseDialogViewController.m; sourceTree = "<group>"; };
		18F74A5E1613E8D80019970B /* ROCheckDialogViewController.h */ = {isa = PBXFileReference; fileEncoding = 4; lastKnownFileType = sourcecode.c.h; path = ROCheckDialogViewController.h; sourceTree = "<group>"; };
		18F74A5F1613E8D80019970B /* ROCheckDialogViewController.m */ = {isa = PBXFileReference; fileEncoding = 4; lastKnownFileType = sourcecode.c.objc; path = ROCheckDialogViewController.m; sourceTree = "<group>"; };
		18F74A601613E8D80019970B /* ROPayDialogViewController.h */ = {isa = PBXFileReference; fileEncoding = 4; lastKnownFileType = sourcecode.c.h; path = ROPayDialogViewController.h; sourceTree = "<group>"; };
		18F74A611613E8D80019970B /* ROPayDialogViewController.m */ = {isa = PBXFileReference; fileEncoding = 4; lastKnownFileType = sourcecode.c.objc; path = ROPayDialogViewController.m; sourceTree = "<group>"; };
		18F74A621613E8D80019970B /* ROWebDialogViewController.h */ = {isa = PBXFileReference; fileEncoding = 4; lastKnownFileType = sourcecode.c.h; path = ROWebDialogViewController.h; sourceTree = "<group>"; };
		18F74A631613E8D80019970B /* ROWebDialogViewController.m */ = {isa = PBXFileReference; fileEncoding = 4; lastKnownFileType = sourcecode.c.objc; path = ROWebDialogViewController.m; sourceTree = "<group>"; };
		18F74A651613E8D80019970B /* ROError.h */ = {isa = PBXFileReference; fileEncoding = 4; lastKnownFileType = sourcecode.c.h; path = ROError.h; sourceTree = "<group>"; };
		18F74A661613E8D80019970B /* ROError.m */ = {isa = PBXFileReference; fileEncoding = 4; lastKnownFileType = sourcecode.c.objc; path = ROError.m; sourceTree = "<group>"; };
		18F74A671613E8D80019970B /* ROPayError.h */ = {isa = PBXFileReference; fileEncoding = 4; lastKnownFileType = sourcecode.c.h; path = ROPayError.h; sourceTree = "<group>"; };
		18F74A681613E8D80019970B /* ROPayError.m */ = {isa = PBXFileReference; fileEncoding = 4; lastKnownFileType = sourcecode.c.objc; path = ROPayError.m; sourceTree = "<group>"; };
		18F74A6A1613E8D80019970B /* bottom-bar.png */ = {isa = PBXFileReference; lastKnownFileType = image.png; path = "bottom-bar.png"; sourceTree = "<group>"; };
		18F74A6B1613E8D80019970B /* bottom-bar@2x.png */ = {isa = PBXFileReference; lastKnownFileType = image.png; path = "bottom-bar@2x.png"; sourceTree = "<group>"; };
		18F74A6C1613E8D80019970B /* close.png */ = {isa = PBXFileReference; lastKnownFileType = image.png; path = close.png; sourceTree = "<group>"; };
		18F74A6D1613E8D80019970B /* close@2x.png */ = {isa = PBXFileReference; lastKnownFileType = image.png; path = "close@2x.png"; sourceTree = "<group>"; };
		18F74A6E1613E8D80019970B /* close_selected.png */ = {isa = PBXFileReference; lastKnownFileType = image.png; path = close_selected.png; sourceTree = "<group>"; };
		18F74A6F1613E8D80019970B /* close_selected@2x.png */ = {isa = PBXFileReference; lastKnownFileType = image.png; path = "close_selected@2x.png"; sourceTree = "<group>"; };
		18F74A701613E8D80019970B /* head-frame.png */ = {isa = PBXFileReference; lastKnownFileType = image.png; path = "head-frame.png"; sourceTree = "<group>"; };
		18F74A711613E8D80019970B /* head-frame@2x.png */ = {isa = PBXFileReference; lastKnownFileType = image.png; path = "head-frame@2x.png"; sourceTree = "<group>"; };
		18F74A721613E8D80019970B /* input-frame.png */ = {isa = PBXFileReference; lastKnownFileType = image.png; path = "input-frame.png"; sourceTree = "<group>"; };
		18F74A731613E8D80019970B /* input-frame@2x.png */ = {isa = PBXFileReference; lastKnownFileType = image.png; path = "input-frame@2x.png"; sourceTree = "<group>"; };
		18F74A741613E8D80019970B /* PayLogo.png */ = {isa = PBXFileReference; lastKnownFileType = image.png; path = PayLogo.png; sourceTree = "<group>"; };
		18F74A751613E8D80019970B /* PayLogo@2x.png */ = {isa = PBXFileReference; lastKnownFileType = image.png; path = "PayLogo@2x.png"; sourceTree = "<group>"; };
		18F74A761613E8D80019970B /* photo-frame.png */ = {isa = PBXFileReference; lastKnownFileType = image.png; path = "photo-frame.png"; sourceTree = "<group>"; };
		18F74A771613E8D80019970B /* photo-frame@2x.png */ = {isa = PBXFileReference; lastKnownFileType = image.png; path = "photo-frame@2x.png"; sourceTree = "<group>"; };
		18F74A781613E8D80019970B /* renren-logo-top-bar.png */ = {isa = PBXFileReference; lastKnownFileType = image.png; path = "renren-logo-top-bar.png"; sourceTree = "<group>"; };
		18F74A791613E8D80019970B /* renren-logo-top-bar@2x.png */ = {isa = PBXFileReference; lastKnownFileType = image.png; path = "renren-logo-top-bar@2x.png"; sourceTree = "<group>"; };
		18F74A7A1613E8D80019970B /* RepairButton.png */ = {isa = PBXFileReference; lastKnownFileType = image.png; path = RepairButton.png; sourceTree = "<group>"; };
		18F74A7B1613E8D80019970B /* RepairButton@2x.png */ = {isa = PBXFileReference; lastKnownFileType = image.png; path = "RepairButton@2x.png"; sourceTree = "<group>"; };
		18F74A7C1613E8D80019970B /* small-button-normal.png */ = {isa = PBXFileReference; lastKnownFileType = image.png; path = "small-button-normal.png"; sourceTree = "<group>"; };
		18F74A7D1613E8D80019970B /* small-button-normal@2x.png */ = {isa = PBXFileReference; lastKnownFileType = image.png; path = "small-button-normal@2x.png"; sourceTree = "<group>"; };
		18F74A7F1613E8D80019970B /* ROBaseNavigationViewController.h */ = {isa = PBXFileReference; fileEncoding = 4; lastKnownFileType = sourcecode.c.h; path = ROBaseNavigationViewController.h; sourceTree = "<group>"; };
		18F74A801613E8D80019970B /* ROBaseNavigationViewController.m */ = {isa = PBXFileReference; fileEncoding = 4; lastKnownFileType = sourcecode.c.objc; path = ROBaseNavigationViewController.m; sourceTree = "<group>"; };
		18F74A811613E8D80019970B /* ROCheckNavigationViewController.h */ = {isa = PBXFileReference; fileEncoding = 4; lastKnownFileType = sourcecode.c.h; path = ROCheckNavigationViewController.h; sourceTree = "<group>"; };
		18F74A821613E8D80019970B /* ROCheckNavigationViewController.m */ = {isa = PBXFileReference; fileEncoding = 4; lastKnownFileType = sourcecode.c.objc; path = ROCheckNavigationViewController.m; sourceTree = "<group>"; };
		18F74A831613E8D80019970B /* ROPayNavigationViewController.h */ = {isa = PBXFileReference; fileEncoding = 4; lastKnownFileType = sourcecode.c.h; path = ROPayNavigationViewController.h; sourceTree = "<group>"; };
		18F74A841613E8D80019970B /* ROPayNavigationViewController.m */ = {isa = PBXFileReference; fileEncoding = 4; lastKnownFileType = sourcecode.c.objc; path = ROPayNavigationViewController.m; sourceTree = "<group>"; };
		18F74A851613E8D80019970B /* ROWebNavigationViewController.h */ = {isa = PBXFileReference; fileEncoding = 4; lastKnownFileType = sourcecode.c.h; path = ROWebNavigationViewController.h; sourceTree = "<group>"; };
		18F74A861613E8D80019970B /* ROWebNavigationViewController.m */ = {isa = PBXFileReference; fileEncoding = 4; lastKnownFileType = sourcecode.c.objc; path = ROWebNavigationViewController.m; sourceTree = "<group>"; };
		18F74A881613E8D80019970B /* ROPayDB.h */ = {isa = PBXFileReference; fileEncoding = 4; lastKnownFileType = sourcecode.c.h; path = ROPayDB.h; sourceTree = "<group>"; };
		18F74A891613E8D80019970B /* ROPayDB.m */ = {isa = PBXFileReference; fileEncoding = 4; lastKnownFileType = sourcecode.c.objc; path = ROPayDB.m; sourceTree = "<group>"; };
		18F74A8A1613E8D80019970B /* ROPayOrderDao.h */ = {isa = PBXFileReference; fileEncoding = 4; lastKnownFileType = sourcecode.c.h; path = ROPayOrderDao.h; sourceTree = "<group>"; };
		18F74A8B1613E8D80019970B /* ROPayOrderDao.m */ = {isa = PBXFileReference; fileEncoding = 4; lastKnownFileType = sourcecode.c.objc; path = ROPayOrderDao.m; sourceTree = "<group>"; };
		18F74A8C1613E8D80019970B /* ROPayOrderInfo.h */ = {isa = PBXFileReference; fileEncoding = 4; lastKnownFileType = sourcecode.c.h; path = ROPayOrderInfo.h; sourceTree = "<group>"; };
		18F74A8D1613E8D80019970B /* ROPayOrderInfo.m */ = {isa = PBXFileReference; fileEncoding = 4; lastKnownFileType = sourcecode.c.objc; path = ROPayOrderInfo.m; sourceTree = "<group>"; };
		18F74A901613E8D80019970B /* ROAlbumsInfoRequestParam.h */ = {isa = PBXFileReference; fileEncoding = 4; lastKnownFileType = sourcecode.c.h; path = ROAlbumsInfoRequestParam.h; sourceTree = "<group>"; };
		18F74A911613E8D80019970B /* ROAlbumsInfoRequestParam.m */ = {isa = PBXFileReference; fileEncoding = 4; lastKnownFileType = sourcecode.c.objc; path = ROAlbumsInfoRequestParam.m; sourceTree = "<group>"; };
		18F74A921613E8D80019970B /* ROCreateAlbumRequestParam.h */ = {isa = PBXFileReference; fileEncoding = 4; lastKnownFileType = sourcecode.c.h; path = ROCreateAlbumRequestParam.h; sourceTree = "<group>"; };
		18F74A931613E8D80019970B /* ROCreateAlbumRequestParam.m */ = {isa = PBXFileReference; fileEncoding = 4; lastKnownFileType = sourcecode.c.objc; path = ROCreateAlbumRequestParam.m; sourceTree = "<group>"; };
		18F74A941613E8D80019970B /* ROGetFriendsInfoRequestParam.h */ = {isa = PBXFileReference; fileEncoding = 4; lastKnownFileType = sourcecode.c.h; path = ROGetFriendsInfoRequestParam.h; sourceTree = "<group>"; };
		18F74A951613E8D80019970B /* ROGetFriendsInfoRequestParam.m */ = {isa = PBXFileReference; fileEncoding = 4; lastKnownFileType = sourcecode.c.objc; path = ROGetFriendsInfoRequestParam.m; sourceTree = "<group>"; };
		18F74A961613E8D80019970B /* ROGetFriendsRequestParam.h */ = {isa = PBXFileReference; fileEncoding = 4; lastKnownFileType = sourcecode.c.h; path = ROGetFriendsRequestParam.h; sourceTree = "<group>"; };
		18F74A971613E8D80019970B /* ROGetFriendsRequestParam.m */ = {isa = PBXFileReference; fileEncoding = 4; lastKnownFileType = sourcecode.c.objc; path = ROGetFriendsRequestParam.m; sourceTree = "<group>"; };
		18F74A981613E8D80019970B /* ROPasswordFlowRequestParam.h */ = {isa = PBXFileReference; fileEncoding = 4; lastKnownFileType = sourcecode.c.h; path = ROPasswordFlowRequestParam.h; sourceTree = "<group>"; };
		18F74A991613E8D80019970B /* ROPasswordFlowRequestParam.m */ = {isa = PBXFileReference; fileEncoding = 4; lastKnownFileType = sourcecode.c.objc; path = ROPasswordFlowRequestParam.m; sourceTree = "<group>"; };
		18F74A9A1613E8D80019970B /* ROPublishPhotoRequestParam.h */ = {isa = PBXFileReference; fileEncoding = 4; lastKnownFileType = sourcecode.c.h; path = ROPublishPhotoRequestParam.h; sourceTree = "<group>"; };
		18F74A9B1613E8D80019970B /* ROPublishPhotoRequestParam.m */ = {isa = PBXFileReference; fileEncoding = 4; lastKnownFileType = sourcecode.c.objc; path = ROPublishPhotoRequestParam.m; sourceTree = "<group>"; };
		18F74A9C1613E8D80019970B /* RORequestParam.h */ = {isa = PBXFileReference; fileEncoding = 4; lastKnownFileType = sourcecode.c.h; path = RORequestParam.h; sourceTree = "<group>"; };
		18F74A9D1613E8D80019970B /* RORequestParam.m */ = {isa = PBXFileReference; fileEncoding = 4; lastKnownFileType = sourcecode.c.objc; path = RORequestParam.m; sourceTree = "<group>"; };
		18F74A9E1613E8D80019970B /* ROUserInfoRequestParam.h */ = {isa = PBXFileReference; fileEncoding = 4; lastKnownFileType = sourcecode.c.h; path = ROUserInfoRequestParam.h; sourceTree = "<group>"; };
		18F74A9F1613E8D80019970B /* ROUserInfoRequestParam.m */ = {isa = PBXFileReference; fileEncoding = 4; lastKnownFileType = sourcecode.c.objc; path = ROUserInfoRequestParam.m; sourceTree = "<group>"; };
		18F74AA11613E8D80019970B /* ROAlbumResponseltem.h */ = {isa = PBXFileReference; fileEncoding = 4; lastKnownFileType = sourcecode.c.h; path = ROAlbumResponseltem.h; sourceTree = "<group>"; };
		18F74AA21613E8D80019970B /* ROAlbumResponseltem.m */ = {isa = PBXFileReference; fileEncoding = 4; lastKnownFileType = sourcecode.c.objc; path = ROAlbumResponseltem.m; sourceTree = "<group>"; };
		18F74AA31613E8D80019970B /* ROCreateAlbumResponseItem.h */ = {isa = PBXFileReference; fileEncoding = 4; lastKnownFileType = sourcecode.c.h; path = ROCreateAlbumResponseItem.h; sourceTree = "<group>"; };
		18F74AA41613E8D80019970B /* ROCreateAlbumResponseItem.m */ = {isa = PBXFileReference; fileEncoding = 4; lastKnownFileType = sourcecode.c.objc; path = ROCreateAlbumResponseItem.m; sourceTree = "<group>"; };
		18F74AA51613E8D80019970B /* ROFriendResponseItem.h */ = {isa = PBXFileReference; fileEncoding = 4; lastKnownFileType = sourcecode.c.h; path = ROFriendResponseItem.h; sourceTree = "<group>"; };
		18F74AA61613E8D80019970B /* ROFriendResponseItem.m */ = {isa = PBXFileReference; fileEncoding = 4; lastKnownFileType = sourcecode.c.objc; path = ROFriendResponseItem.m; sourceTree = "<group>"; };
		18F74AA71613E8D80019970B /* ROPublishPhotoResponseItem.h */ = {isa = PBXFileReference; fileEncoding = 4; lastKnownFileType = sourcecode.c.h; path = ROPublishPhotoResponseItem.h; sourceTree = "<group>"; };
		18F74AA81613E8D80019970B /* ROPublishPhotoResponseItem.m */ = {isa = PBXFileReference; fileEncoding = 4; lastKnownFileType = sourcecode.c.objc; path = ROPublishPhotoResponseItem.m; sourceTree = "<group>"; };
		18F74AA91613E8D80019970B /* ROResponseItem.h */ = {isa = PBXFileReference; fileEncoding = 4; lastKnownFileType = sourcecode.c.h; path = ROResponseItem.h; sourceTree = "<group>"; };
		18F74AAA1613E8D80019970B /* ROResponseItem.m */ = {isa = PBXFileReference; fileEncoding = 4; lastKnownFileType = sourcecode.c.objc; path = ROResponseItem.m; sourceTree = "<group>"; };
		18F74AAB1613E8D80019970B /* ROUserResponseItem.h */ = {isa = PBXFileReference; fileEncoding = 4; lastKnownFileType = sourcecode.c.h; path = ROUserResponseItem.h; sourceTree = "<group>"; };
		18F74AAC1613E8D80019970B /* ROUserResponseItem.m */ = {isa = PBXFileReference; fileEncoding = 4; lastKnownFileType = sourcecode.c.objc; path = ROUserResponseItem.m; sourceTree = "<group>"; };
		18F74AAD1613E8D80019970B /* RORequest.h */ = {isa = PBXFileReference; fileEncoding = 4; lastKnownFileType = sourcecode.c.h; path = RORequest.h; sourceTree = "<group>"; };
		18F74AAE1613E8D80019970B /* RORequest.m */ = {isa = PBXFileReference; fileEncoding = 4; lastKnownFileType = sourcecode.c.objc; path = RORequest.m; sourceTree = "<group>"; };
		18F74AAF1613E8D80019970B /* ROResponse.h */ = {isa = PBXFileReference; fileEncoding = 4; lastKnownFileType = sourcecode.c.h; path = ROResponse.h; sourceTree = "<group>"; };
		18F74AB01613E8D80019970B /* ROResponse.m */ = {isa = PBXFileReference; fileEncoding = 4; lastKnownFileType = sourcecode.c.objc; path = ROResponse.m; sourceTree = "<group>"; };
		18F74AB21613E8D80019970B /* ROMacroDef.h */ = {isa = PBXFileReference; fileEncoding = 4; lastKnownFileType = sourcecode.c.h; path = ROMacroDef.h; sourceTree = "<group>"; };
		18F74AB31613E8D80019970B /* ROUtility.h */ = {isa = PBXFileReference; fileEncoding = 4; lastKnownFileType = sourcecode.c.h; path = ROUtility.h; sourceTree = "<group>"; };
		18F74AB41613E8D80019970B /* ROUtility.m */ = {isa = PBXFileReference; fileEncoding = 4; lastKnownFileType = sourcecode.c.objc; path = ROUtility.m; sourceTree = "<group>"; };
		18F74AB61613E8D80019970B /* ROCheckOrderCell.h */ = {isa = PBXFileReference; fileEncoding = 4; lastKnownFileType = sourcecode.c.h; path = ROCheckOrderCell.h; sourceTree = "<group>"; };
		18F74AB71613E8D80019970B /* ROCheckOrderCell.m */ = {isa = PBXFileReference; fileEncoding = 4; lastKnownFileType = sourcecode.c.objc; path = ROCheckOrderCell.m; sourceTree = "<group>"; };
		18F74AB81613E8D80019970B /* ROCheckOrderCell.xib */ = {isa = PBXFileReference; fileEncoding = 4; lastKnownFileType = file.xib; path = ROCheckOrderCell.xib; sourceTree = "<group>"; };
		18F74ABA1613E8D80019970B /* RODialogModel.h */ = {isa = PBXFileReference; fileEncoding = 4; lastKnownFileType = sourcecode.c.h; path = RODialogModel.h; sourceTree = "<group>"; };
		18F74ABB1613E8D80019970B /* RODialogModel.m */ = {isa = PBXFileReference; fileEncoding = 4; lastKnownFileType = sourcecode.c.objc; path = RODialogModel.m; sourceTree = "<group>"; };
		18F74ABC1613E8D80019970B /* RODialogView.h */ = {isa = PBXFileReference; fileEncoding = 4; lastKnownFileType = sourcecode.c.h; path = RODialogView.h; sourceTree = "<group>"; };
		18F74ABD1613E8D80019970B /* RODialogView.m */ = {isa = PBXFileReference; fileEncoding = 4; lastKnownFileType = sourcecode.c.objc; path = RODialogView.m; sourceTree = "<group>"; };
		18F74ABF1613E8D80019970B /* ROCloseButton.h */ = {isa = PBXFileReference; fileEncoding = 4; lastKnownFileType = sourcecode.c.h; path = ROCloseButton.h; sourceTree = "<group>"; };
		18F74AC01613E8D80019970B /* ROCloseButton.m */ = {isa = PBXFileReference; fileEncoding = 4; lastKnownFileType = sourcecode.c.objc; path = ROCloseButton.m; sourceTree = "<group>"; };
		18F74AC11613E8D80019970B /* ROGlobalStyle.h */ = {isa = PBXFileReference; fileEncoding = 4; lastKnownFileType = sourcecode.c.h; path = ROGlobalStyle.h; sourceTree = "<group>"; };
		18F74AC21613E8D80019970B /* ROGlobalStyle.m */ = {isa = PBXFileReference; fileEncoding = 4; lastKnownFileType = sourcecode.c.objc; path = ROGlobalStyle.m; sourceTree = "<group>"; };
		18F74AC31613E8D80019970B /* ROImageView.h */ = {isa = PBXFileReference; fileEncoding = 4; lastKnownFileType = sourcecode.c.h; path = ROImageView.h; sourceTree = "<group>"; };
		18F74AC41613E8D80019970B /* ROImageView.m */ = {isa = PBXFileReference; fileEncoding = 4; lastKnownFileType = sourcecode.c.objc; path = ROImageView.m; sourceTree = "<group>"; };
		18F74AC61613E8D80019970B /* ROPublishPhotoDialogModel.h */ = {isa = PBXFileReference; fileEncoding = 4; lastKnownFileType = sourcecode.c.h; path = ROPublishPhotoDialogModel.h; sourceTree = "<group>"; };
		18F74AC71613E8D80019970B /* ROPublishPhotoDialogModel.m */ = {isa = PBXFileReference; fileEncoding = 4; lastKnownFileType = sourcecode.c.objc; path = ROPublishPhotoDialogModel.m; sourceTree = "<group>"; };
		18F74AC81613E8D80019970B /* ROPublishPhotoInternal.h */ = {isa = PBXFileReference; fileEncoding = 4; lastKnownFileType = sourcecode.c.h; path = ROPublishPhotoInternal.h; sourceTree = "<group>"; };
		18F74AC91613E8D80019970B /* ROPublishPhotoInternal.m */ = {isa = PBXFileReference; fileEncoding = 4; lastKnownFileType = sourcecode.c.objc; path = ROPublishPhotoInternal.m; sourceTree = "<group>"; };
		18F74B101613E9050019970B /* libsqlite3.0.dylib */ = {isa = PBXFileReference; lastKnownFileType = "compiled.mach-o.dylib"; name = libsqlite3.0.dylib; path = usr/lib/libsqlite3.0.dylib; sourceTree = SDKROOT; };
		941DC2AD1614399900BC48AB /* Facebook-icon.png */ = {isa = PBXFileReference; lastKnownFileType = image.png; path = "Facebook-icon.png"; sourceTree = "<group>"; };
		943C7052161B2BFB00F1D987 /* FacebookAccountDetailsViewController.h */ = {isa = PBXFileReference; fileEncoding = 4; lastKnownFileType = sourcecode.c.h; path = FacebookAccountDetailsViewController.h; sourceTree = "<group>"; };
		943C7053161B2BFB00F1D987 /* FacebookAccountDetailsViewController.m */ = {isa = PBXFileReference; fileEncoding = 4; lastKnownFileType = sourcecode.c.objc; path = FacebookAccountDetailsViewController.m; sourceTree = "<group>"; };
		94408C4D15F528C200653E77 /* ContactCell.h */ = {isa = PBXFileReference; fileEncoding = 4; lastKnownFileType = sourcecode.c.h; path = ContactCell.h; sourceTree = "<group>"; };
		94408C4E15F528C200653E77 /* ContactCell.m */ = {isa = PBXFileReference; fileEncoding = 4; lastKnownFileType = sourcecode.c.objc; path = ContactCell.m; sourceTree = "<group>"; };
		947895AE1619EC9D00E26947 /* Accounts.framework */ = {isa = PBXFileReference; lastKnownFileType = wrapper.framework; name = Accounts.framework; path = System/Library/Frameworks/Accounts.framework; sourceTree = SDKROOT; };
		947895D0161AEA0400E26947 /* MyFacebookLoginDelegate.h */ = {isa = PBXFileReference; fileEncoding = 4; lastKnownFileType = sourcecode.c.h; path = MyFacebookLoginDelegate.h; sourceTree = "<group>"; };
		947895D1161AEA0400E26947 /* MyFacebookLoginDelegate.m */ = {isa = PBXFileReference; fileEncoding = 4; lastKnownFileType = sourcecode.c.objc; path = MyFacebookLoginDelegate.m; sourceTree = "<group>"; };
		94AC5DB4161DC52D00B5983C /* FacebookSDK.framework */ = {isa = PBXFileReference; lastKnownFileType = wrapper.framework; name = FacebookSDK.framework; path = BDReminderNew/FacebookSDK.framework; sourceTree = "<group>"; };
		94AC5DB6161DC53500B5983C /* FacebookSDKResources.bundle */ = {isa = PBXFileReference; lastKnownFileType = "wrapper.plug-in"; name = FacebookSDKResources.bundle; path = BDReminderNew/FacebookSDKResources.bundle; sourceTree = "<group>"; };
		94AC5DB7161DC53500B5983C /* FBUserSettingsViewResources.bundle */ = {isa = PBXFileReference; lastKnownFileType = "wrapper.plug-in"; name = FBUserSettingsViewResources.bundle; path = BDReminderNew/FBUserSettingsViewResources.bundle; sourceTree = "<group>"; };
		94C18D2A1605F7EF00ADF52F /* AccountsViewController.h */ = {isa = PBXFileReference; fileEncoding = 4; lastKnownFileType = sourcecode.c.h; path = AccountsViewController.h; sourceTree = "<group>"; };
		94C18D2B1605F7EF00ADF52F /* AccountsViewController.m */ = {isa = PBXFileReference; fileEncoding = 4; lastKnownFileType = sourcecode.c.objc; path = AccountsViewController.m; sourceTree = "<group>"; };
		94E9AF7F15EBBE2300940CF7 /* ContactsViewController.h */ = {isa = PBXFileReference; fileEncoding = 4; lastKnownFileType = sourcecode.c.h; path = ContactsViewController.h; sourceTree = "<group>"; };
		94E9AF8015EBBE2300940CF7 /* ContactsViewController.m */ = {isa = PBXFileReference; fileEncoding = 4; lastKnownFileType = sourcecode.c.objc; path = ContactsViewController.m; sourceTree = "<group>"; };
		94F40E661614391B00C2A23C /* Renren-icon.png */ = {isa = PBXFileReference; lastKnownFileType = image.png; path = "Renren-icon.png"; sourceTree = "<group>"; };
/* End PBXFileReference section */

/* Begin PBXFrameworksBuildPhase section */
		18CB514D15EBAF41009A8741 /* Frameworks */ = {
			isa = PBXFrameworksBuildPhase;
			buildActionMask = 2147483647;
			files = (
				947895AF1619EC9D00E26947 /* Accounts.framework in Frameworks */,
				18F74B111613E9050019970B /* libsqlite3.0.dylib in Frameworks */,
				18CB519D15EBAFC2009A8741 /* CoreData.framework in Frameworks */,
				18CB515515EBAF41009A8741 /* UIKit.framework in Frameworks */,
				18CB515715EBAF41009A8741 /* Foundation.framework in Frameworks */,
				18CB515915EBAF41009A8741 /* CoreGraphics.framework in Frameworks */,
				94AC5DB5161DC52D00B5983C /* FacebookSDK.framework in Frameworks */,
			);
			runOnlyForDeploymentPostprocessing = 0;
		};
		18CB516D15EBAF41009A8741 /* Frameworks */ = {
			isa = PBXFrameworksBuildPhase;
			buildActionMask = 2147483647;
			files = (
				18CB517315EBAF41009A8741 /* SenTestingKit.framework in Frameworks */,
				18CB517415EBAF41009A8741 /* UIKit.framework in Frameworks */,
				18CB517515EBAF41009A8741 /* Foundation.framework in Frameworks */,
			);
			runOnlyForDeploymentPostprocessing = 0;
		};
/* End PBXFrameworksBuildPhase section */

/* Begin PBXGroup section */
		188A20B61615DA9D0053641A /* Controllers */ = {
			isa = PBXGroup;
			children = (
				943C7052161B2BFB00F1D987 /* FacebookAccountDetailsViewController.h */,
				943C7053161B2BFB00F1D987 /* FacebookAccountDetailsViewController.m */,
				188A20B31615DA890053641A /* AccountCell.h */,
				188A20B41615DA890053641A /* AccountCell.m */,
				94408C4D15F528C200653E77 /* ContactCell.h */,
				94408C4E15F528C200653E77 /* ContactCell.m */,
				188A20C51615FA360053641A /* Delegates */,
				18850603161453510031398D /* AccountDetailsViewController.h */,
				18850604161453510031398D /* AccountDetailsViewController.m */,
				94C18D2A1605F7EF00ADF52F /* AccountsViewController.h */,
				94C18D2B1605F7EF00ADF52F /* AccountsViewController.m */,
				18CB516915EBAF41009A8741 /* ViewController.h */,
				18CB516A15EBAF41009A8741 /* ViewController.m */,
				94E9AF7F15EBBE2300940CF7 /* ContactsViewController.h */,
				94E9AF8015EBBE2300940CF7 /* ContactsViewController.m */,
				188A20B71615E0B80053641A /* RenrenAccountDetailsViewController.h */,
				188A20B81615E0B80053641A /* RenrenAccountDetailsViewController.m */,
			);
			name = Controllers;
			sourceTree = "<group>";
		};
		188A20C51615FA360053641A /* Delegates */ = {
			isa = PBXGroup;
			children = (
				188A20C61615FA3F0053641A /* Renren */,
				947895CB161AE5DE00E26947 /* Facebook */,
			);
			name = Delegates;
			sourceTree = "<group>";
		};
		188A20C61615FA3F0053641A /* Renren */ = {
			isa = PBXGroup;
			children = (
				188A20BF1615F4910053641A /* MyRenrenLoginDelegate.h */,
				188A20C01615F4910053641A /* MyRenrenLoginDelegate.m */,
				188A20C21615FA260053641A /* MyRenrenGetUserInfoDelegate.h */,
				188A20C31615FA260053641A /* MyRenrenGetUserInfoDelegate.m */,
				18E7525B161859E9009811BE /* MyRenrenGetFriendsDelegate.h */,
				18E7525C161859E9009811BE /* MyRenrenGetFriendsDelegate.m */,
				18E7526016189115009811BE /* MyRenrenGetBirthdaysFromUidsDelegate.m */,
				18E7525F16189115009811BE /* MyRenrenGetBirthdaysFromUidsDelegate.h */,
			);
			name = Renren;
			sourceTree = "<group>";
		};
		18CB514515EBAF41009A8741 = {
			isa = PBXGroup;
			children = (
				94F40E651614391B00C2A23C /* image */,
				18CB515A15EBAF41009A8741 /* BDReminderNew */,
				18CB517815EBAF41009A8741 /* BDReminderNewTests */,
				18CB515315EBAF41009A8741 /* Frameworks */,
				18CB515115EBAF41009A8741 /* Products */,
			);
			sourceTree = "<group>";
		};
		18CB515115EBAF41009A8741 /* Products */ = {
			isa = PBXGroup;
			children = (
				18CB515015EBAF41009A8741 /* BDReminderNew.app */,
				18CB517115EBAF41009A8741 /* BDReminderNewTests.octest */,
			);
			name = Products;
			sourceTree = "<group>";
		};
		18CB515315EBAF41009A8741 /* Frameworks */ = {
			isa = PBXGroup;
			children = (
				94AC5DB6161DC53500B5983C /* FacebookSDKResources.bundle */,
				94AC5DB7161DC53500B5983C /* FBUserSettingsViewResources.bundle */,
				94AC5DB4161DC52D00B5983C /* FacebookSDK.framework */,
				947895AE1619EC9D00E26947 /* Accounts.framework */,
				18F74B101613E9050019970B /* libsqlite3.0.dylib */,
				18CB519C15EBAFC2009A8741 /* CoreData.framework */,
				18CB515415EBAF41009A8741 /* UIKit.framework */,
				18CB515615EBAF41009A8741 /* Foundation.framework */,
				18CB515815EBAF41009A8741 /* CoreGraphics.framework */,
				18CB517215EBAF41009A8741 /* SenTestingKit.framework */,
			);
			name = Frameworks;
			sourceTree = "<group>";
		};
		18CB515A15EBAF41009A8741 /* BDReminderNew */ = {
			isa = PBXGroup;
			children = (
				188A20B61615DA9D0053641A /* Controllers */,
				18F74B121613EFF10019970B /* SNS */,
				18CB518915EBAF6B009A8741 /* Model */,
				18CB516315EBAF41009A8741 /* AppDelegate.h */,
				18CB516415EBAF41009A8741 /* AppDelegate.m */,
				18CB516615EBAF41009A8741 /* MainStoryboard.storyboard */,
				18CB515B15EBAF41009A8741 /* Supporting Files */,
			);
			path = BDReminderNew;
			sourceTree = "<group>";
		};
		18CB515B15EBAF41009A8741 /* Supporting Files */ = {
			isa = PBXGroup;
			children = (
				18CB515C15EBAF41009A8741 /* BDReminderNew-Info.plist */,
				18CB515D15EBAF41009A8741 /* InfoPlist.strings */,
				18CB516015EBAF41009A8741 /* main.m */,
				18CB516215EBAF41009A8741 /* BDReminderNew-Prefix.pch */,
			);
			name = "Supporting Files";
			sourceTree = "<group>";
		};
		18CB517815EBAF41009A8741 /* BDReminderNewTests */ = {
			isa = PBXGroup;
			children = (
				18CB517E15EBAF41009A8741 /* BDReminderNewTests.h */,
				18CB517F15EBAF41009A8741 /* BDReminderNewTests.m */,
				18CB517915EBAF41009A8741 /* Supporting Files */,
			);
			path = BDReminderNewTests;
			sourceTree = "<group>";
		};
		18CB517915EBAF41009A8741 /* Supporting Files */ = {
			isa = PBXGroup;
			children = (
				18CB517A15EBAF41009A8741 /* BDReminderNewTests-Info.plist */,
				18CB517B15EBAF41009A8741 /* InfoPlist.strings */,
			);
			name = "Supporting Files";
			sourceTree = "<group>";
		};
		18CB518915EBAF6B009A8741 /* Model */ = {
			isa = PBXGroup;
			children = (
				1806BD2415F8E82A005EEE12 /* Model.xcdatamodeld */,
				18CB518B15EBAF94009A8741 /* FacebookAccount.h */,
				18CB518C15EBAF94009A8741 /* FacebookAccount.m */,
				18CB518D15EBAF94009A8741 /* RenrenAccount.h */,
				18CB518E15EBAF94009A8741 /* RenrenAccount.m */,
				18CB518F15EBAF94009A8741 /* Account.h */,
				18CB519015EBAF94009A8741 /* Account.m */,
				18CB519115EBAF94009A8741 /* AggregatedContact.h */,
				18CB519215EBAF94009A8741 /* AggregatedContact.m */,
				18CB519315EBAF94009A8741 /* Contact.h */,
				18CB519415EBAF94009A8741 /* Contact.m */,
				18CB519515EBAF94009A8741 /* AccountProtocol.h */,
			);
			name = Model;
			sourceTree = "<group>";
		};
		18F74A401613E8D80019970B /* FMDB */ = {
			isa = PBXGroup;
			children = (
				18F74A411613E8D80019970B /* FMDatabase.h */,
				18F74A421613E8D80019970B /* FMDatabase.m */,
				18F74A431613E8D80019970B /* FMDatabaseAdditions.h */,
				18F74A441613E8D80019970B /* FMDatabaseAdditions.m */,
				18F74A451613E8D80019970B /* FMResultSet.h */,
				18F74A461613E8D80019970B /* FMResultSet.m */,
			);
			path = FMDB;
			sourceTree = "<group>";
		};
		18F74A471613E8D80019970B /* JSON */ = {
			isa = PBXGroup;
			children = (
				18F74A481613E8D80019970B /* JSON.h */,
				18F74A491613E8D80019970B /* NSObject+SBJSON.h */,
				18F74A4A1613E8D80019970B /* NSObject+SBJSON.m */,
				18F74A4B1613E8D80019970B /* NSString+SBJSON.h */,
				18F74A4C1613E8D80019970B /* NSString+SBJSON.m */,
				18F74A4D1613E8D80019970B /* SBJSON.h */,
				18F74A4E1613E8D80019970B /* SBJSON.m */,
				18F74A4F1613E8D80019970B /* SBJsonBase.h */,
				18F74A501613E8D80019970B /* SBJsonBase.m */,
				18F74A511613E8D80019970B /* SBJsonParser.h */,
				18F74A521613E8D80019970B /* SBJsonParser.m */,
				18F74A531613E8D80019970B /* SBJsonWriter.h */,
				18F74A541613E8D80019970B /* SBJsonWriter.m */,
			);
			path = JSON;
			sourceTree = "<group>";
		};
		18F74A551613E8D80019970B /* Renren */ = {
			isa = PBXGroup;
			children = (
				18F74A561613E8D80019970B /* Renren.h */,
				18F74A571613E8D80019970B /* Renren.m */,
				18F74A581613E8D80019970B /* RenrenPay.h */,
				18F74A591613E8D80019970B /* RenrenPay.m */,
				18F74A5A1613E8D80019970B /* ROConnect.h */,
				18F74A5B1613E8D80019970B /* RODialogViewController */,
				18F74A641613E8D80019970B /* ROError */,
				18F74A691613E8D80019970B /* ROImages */,
				18F74A7E1613E8D80019970B /* RONavigationViewController */,
				18F74A871613E8D80019970B /* ROPayDAO */,
				18F74A8E1613E8D80019970B /* RORequest */,
				18F74AB11613E8D80019970B /* ROTools */,
				18F74AB51613E8D80019970B /* ROView */,
				18F74AB91613E8D80019970B /* Sample UI */,
			);
			path = Renren;
			sourceTree = "<group>";
		};
		18F74A5B1613E8D80019970B /* RODialogViewController */ = {
			isa = PBXGroup;
			children = (
				18F74A5C1613E8D80019970B /* ROBaseDialogViewController.h */,
				18F74A5D1613E8D80019970B /* ROBaseDialogViewController.m */,
				18F74A5E1613E8D80019970B /* ROCheckDialogViewController.h */,
				18F74A5F1613E8D80019970B /* ROCheckDialogViewController.m */,
				18F74A601613E8D80019970B /* ROPayDialogViewController.h */,
				18F74A611613E8D80019970B /* ROPayDialogViewController.m */,
				18F74A621613E8D80019970B /* ROWebDialogViewController.h */,
				18F74A631613E8D80019970B /* ROWebDialogViewController.m */,
			);
			path = RODialogViewController;
			sourceTree = "<group>";
		};
		18F74A641613E8D80019970B /* ROError */ = {
			isa = PBXGroup;
			children = (
				18F74A651613E8D80019970B /* ROError.h */,
				18F74A661613E8D80019970B /* ROError.m */,
				18F74A671613E8D80019970B /* ROPayError.h */,
				18F74A681613E8D80019970B /* ROPayError.m */,
			);
			path = ROError;
			sourceTree = "<group>";
		};
		18F74A691613E8D80019970B /* ROImages */ = {
			isa = PBXGroup;
			children = (
				18F74A6A1613E8D80019970B /* bottom-bar.png */,
				18F74A6B1613E8D80019970B /* bottom-bar@2x.png */,
				18F74A6C1613E8D80019970B /* close.png */,
				18F74A6D1613E8D80019970B /* close@2x.png */,
				18F74A6E1613E8D80019970B /* close_selected.png */,
				18F74A6F1613E8D80019970B /* close_selected@2x.png */,
				18F74A701613E8D80019970B /* head-frame.png */,
				18F74A711613E8D80019970B /* head-frame@2x.png */,
				18F74A721613E8D80019970B /* input-frame.png */,
				18F74A731613E8D80019970B /* input-frame@2x.png */,
				18F74A741613E8D80019970B /* PayLogo.png */,
				18F74A751613E8D80019970B /* PayLogo@2x.png */,
				18F74A761613E8D80019970B /* photo-frame.png */,
				18F74A771613E8D80019970B /* photo-frame@2x.png */,
				18F74A781613E8D80019970B /* renren-logo-top-bar.png */,
				18F74A791613E8D80019970B /* renren-logo-top-bar@2x.png */,
				18F74A7A1613E8D80019970B /* RepairButton.png */,
				18F74A7B1613E8D80019970B /* RepairButton@2x.png */,
				18F74A7C1613E8D80019970B /* small-button-normal.png */,
				18F74A7D1613E8D80019970B /* small-button-normal@2x.png */,
			);
			path = ROImages;
			sourceTree = "<group>";
		};
		18F74A7E1613E8D80019970B /* RONavigationViewController */ = {
			isa = PBXGroup;
			children = (
				18F74A7F1613E8D80019970B /* ROBaseNavigationViewController.h */,
				18F74A801613E8D80019970B /* ROBaseNavigationViewController.m */,
				18F74A811613E8D80019970B /* ROCheckNavigationViewController.h */,
				18F74A821613E8D80019970B /* ROCheckNavigationViewController.m */,
				18F74A831613E8D80019970B /* ROPayNavigationViewController.h */,
				18F74A841613E8D80019970B /* ROPayNavigationViewController.m */,
				18F74A851613E8D80019970B /* ROWebNavigationViewController.h */,
				18F74A861613E8D80019970B /* ROWebNavigationViewController.m */,
			);
			path = RONavigationViewController;
			sourceTree = "<group>";
		};
		18F74A871613E8D80019970B /* ROPayDAO */ = {
			isa = PBXGroup;
			children = (
				18F74A881613E8D80019970B /* ROPayDB.h */,
				18F74A891613E8D80019970B /* ROPayDB.m */,
				18F74A8A1613E8D80019970B /* ROPayOrderDao.h */,
				18F74A8B1613E8D80019970B /* ROPayOrderDao.m */,
				18F74A8C1613E8D80019970B /* ROPayOrderInfo.h */,
				18F74A8D1613E8D80019970B /* ROPayOrderInfo.m */,
			);
			path = ROPayDAO;
			sourceTree = "<group>";
		};
		18F74A8E1613E8D80019970B /* RORequest */ = {
			isa = PBXGroup;
			children = (
				18F74A8F1613E8D80019970B /* RequestParam */,
				18F74AA01613E8D80019970B /* ResponseItem */,
				18F74AAD1613E8D80019970B /* RORequest.h */,
				18F74AAE1613E8D80019970B /* RORequest.m */,
				18F74AAF1613E8D80019970B /* ROResponse.h */,
				18F74AB01613E8D80019970B /* ROResponse.m */,
			);
			path = RORequest;
			sourceTree = "<group>";
		};
		18F74A8F1613E8D80019970B /* RequestParam */ = {
			isa = PBXGroup;
			children = (
				18F74A901613E8D80019970B /* ROAlbumsInfoRequestParam.h */,
				18F74A911613E8D80019970B /* ROAlbumsInfoRequestParam.m */,
				18F74A921613E8D80019970B /* ROCreateAlbumRequestParam.h */,
				18F74A931613E8D80019970B /* ROCreateAlbumRequestParam.m */,
				18F74A941613E8D80019970B /* ROGetFriendsInfoRequestParam.h */,
				18F74A951613E8D80019970B /* ROGetFriendsInfoRequestParam.m */,
				18F74A961613E8D80019970B /* ROGetFriendsRequestParam.h */,
				18F74A971613E8D80019970B /* ROGetFriendsRequestParam.m */,
				18F74A981613E8D80019970B /* ROPasswordFlowRequestParam.h */,
				18F74A991613E8D80019970B /* ROPasswordFlowRequestParam.m */,
				18F74A9A1613E8D80019970B /* ROPublishPhotoRequestParam.h */,
				18F74A9B1613E8D80019970B /* ROPublishPhotoRequestParam.m */,
				18F74A9C1613E8D80019970B /* RORequestParam.h */,
				18F74A9D1613E8D80019970B /* RORequestParam.m */,
				18F74A9E1613E8D80019970B /* ROUserInfoRequestParam.h */,
				18F74A9F1613E8D80019970B /* ROUserInfoRequestParam.m */,
			);
			path = RequestParam;
			sourceTree = "<group>";
		};
		18F74AA01613E8D80019970B /* ResponseItem */ = {
			isa = PBXGroup;
			children = (
				18F74AA11613E8D80019970B /* ROAlbumResponseltem.h */,
				18F74AA21613E8D80019970B /* ROAlbumResponseltem.m */,
				18F74AA31613E8D80019970B /* ROCreateAlbumResponseItem.h */,
				18F74AA41613E8D80019970B /* ROCreateAlbumResponseItem.m */,
				18F74AA51613E8D80019970B /* ROFriendResponseItem.h */,
				18F74AA61613E8D80019970B /* ROFriendResponseItem.m */,
				18F74AA71613E8D80019970B /* ROPublishPhotoResponseItem.h */,
				18F74AA81613E8D80019970B /* ROPublishPhotoResponseItem.m */,
				18F74AA91613E8D80019970B /* ROResponseItem.h */,
				18F74AAA1613E8D80019970B /* ROResponseItem.m */,
				18F74AAB1613E8D80019970B /* ROUserResponseItem.h */,
				18F74AAC1613E8D80019970B /* ROUserResponseItem.m */,
			);
			path = ResponseItem;
			sourceTree = "<group>";
		};
		18F74AB11613E8D80019970B /* ROTools */ = {
			isa = PBXGroup;
			children = (
				18F74AB21613E8D80019970B /* ROMacroDef.h */,
				18F74AB31613E8D80019970B /* ROUtility.h */,
				18F74AB41613E8D80019970B /* ROUtility.m */,
			);
			path = ROTools;
			sourceTree = "<group>";
		};
		18F74AB51613E8D80019970B /* ROView */ = {
			isa = PBXGroup;
			children = (
				18F74AB61613E8D80019970B /* ROCheckOrderCell.h */,
				18F74AB71613E8D80019970B /* ROCheckOrderCell.m */,
				18F74AB81613E8D80019970B /* ROCheckOrderCell.xib */,
			);
			path = ROView;
			sourceTree = "<group>";
		};
		18F74AB91613E8D80019970B /* Sample UI */ = {
			isa = PBXGroup;
			children = (
				18F74ABA1613E8D80019970B /* RODialogModel.h */,
				18F74ABB1613E8D80019970B /* RODialogModel.m */,
				18F74ABC1613E8D80019970B /* RODialogView.h */,
				18F74ABD1613E8D80019970B /* RODialogView.m */,
				18F74ABE1613E8D80019970B /* UI */,
				18F74AC51613E8D80019970B /* UploadPhotoDialog */,
			);
			path = "Sample UI";
			sourceTree = "<group>";
		};
		18F74ABE1613E8D80019970B /* UI */ = {
			isa = PBXGroup;
			children = (
				18F74ABF1613E8D80019970B /* ROCloseButton.h */,
				18F74AC01613E8D80019970B /* ROCloseButton.m */,
				18F74AC11613E8D80019970B /* ROGlobalStyle.h */,
				18F74AC21613E8D80019970B /* ROGlobalStyle.m */,
				18F74AC31613E8D80019970B /* ROImageView.h */,
				18F74AC41613E8D80019970B /* ROImageView.m */,
			);
			path = UI;
			sourceTree = "<group>";
		};
		18F74AC51613E8D80019970B /* UploadPhotoDialog */ = {
			isa = PBXGroup;
			children = (
				18F74AC61613E8D80019970B /* ROPublishPhotoDialogModel.h */,
				18F74AC71613E8D80019970B /* ROPublishPhotoDialogModel.m */,
				18F74AC81613E8D80019970B /* ROPublishPhotoInternal.h */,
				18F74AC91613E8D80019970B /* ROPublishPhotoInternal.m */,
			);
			path = UploadPhotoDialog;
			sourceTree = "<group>";
		};
		18F74B121613EFF10019970B /* SNS */ = {
			isa = PBXGroup;
			children = (
				18F74B131613EFF60019970B /* Renren */,
			);
			name = SNS;
			sourceTree = "<group>";
		};
		18F74B131613EFF60019970B /* Renren */ = {
			isa = PBXGroup;
			children = (
				18F74A401613E8D80019970B /* FMDB */,
				18F74A471613E8D80019970B /* JSON */,
				18F74A551613E8D80019970B /* Renren */,
			);
			name = Renren;
			sourceTree = "<group>";
		};
		947895CB161AE5DE00E26947 /* Facebook */ = {
			isa = PBXGroup;
			children = (
				947895D0161AEA0400E26947 /* MyFacebookLoginDelegate.h */,
				947895D1161AEA0400E26947 /* MyFacebookLoginDelegate.m */,
			);
			name = Facebook;
			sourceTree = "<group>";
		};
		94F40E651614391B00C2A23C /* image */ = {
			isa = PBXGroup;
			children = (
				941DC2AD1614399900BC48AB /* Facebook-icon.png */,
				94F40E661614391B00C2A23C /* Renren-icon.png */,
			);
			name = image;
			path = BDReminderNew/image;
			sourceTree = "<group>";
		};
/* End PBXGroup section */

/* Begin PBXNativeTarget section */
		18CB514F15EBAF41009A8741 /* BDReminderNew */ = {
			isa = PBXNativeTarget;
			buildConfigurationList = 18CB518315EBAF42009A8741 /* Build configuration list for PBXNativeTarget "BDReminderNew" */;
			buildPhases = (
				18CB514C15EBAF41009A8741 /* Sources */,
				18CB514D15EBAF41009A8741 /* Frameworks */,
				18CB514E15EBAF41009A8741 /* Resources */,
			);
			buildRules = (
			);
			dependencies = (
			);
			name = BDReminderNew;
			productName = BDReminderNew;
			productReference = 18CB515015EBAF41009A8741 /* BDReminderNew.app */;
			productType = "com.apple.product-type.application";
		};
		18CB517015EBAF41009A8741 /* BDReminderNewTests */ = {
			isa = PBXNativeTarget;
			buildConfigurationList = 18CB518615EBAF42009A8741 /* Build configuration list for PBXNativeTarget "BDReminderNewTests" */;
			buildPhases = (
				18CB516C15EBAF41009A8741 /* Sources */,
				18CB516D15EBAF41009A8741 /* Frameworks */,
				18CB516E15EBAF41009A8741 /* Resources */,
				18CB516F15EBAF41009A8741 /* ShellScript */,
			);
			buildRules = (
			);
			dependencies = (
				18CB517715EBAF41009A8741 /* PBXTargetDependency */,
			);
			name = BDReminderNewTests;
			productName = BDReminderNewTests;
			productReference = 18CB517115EBAF41009A8741 /* BDReminderNewTests.octest */;
			productType = "com.apple.product-type.bundle";
		};
/* End PBXNativeTarget section */

/* Begin PBXProject section */
		18CB514715EBAF41009A8741 /* Project object */ = {
			isa = PBXProject;
			attributes = {
				LastUpgradeCheck = 0440;
				ORGANIZATIONNAME = qinsoon;
			};
			buildConfigurationList = 18CB514A15EBAF41009A8741 /* Build configuration list for PBXProject "BDReminderNew" */;
			compatibilityVersion = "Xcode 3.2";
			developmentRegion = English;
			hasScannedForEncodings = 0;
			knownRegions = (
				en,
			);
			mainGroup = 18CB514515EBAF41009A8741;
			productRefGroup = 18CB515115EBAF41009A8741 /* Products */;
			projectDirPath = "";
			projectRoot = "";
			targets = (
				18CB514F15EBAF41009A8741 /* BDReminderNew */,
				18CB517015EBAF41009A8741 /* BDReminderNewTests */,
			);
		};
/* End PBXProject section */

/* Begin PBXResourcesBuildPhase section */
		18CB514E15EBAF41009A8741 /* Resources */ = {
			isa = PBXResourcesBuildPhase;
			buildActionMask = 2147483647;
			files = (
				18CB515F15EBAF41009A8741 /* InfoPlist.strings in Resources */,
				18CB516815EBAF41009A8741 /* MainStoryboard.storyboard in Resources */,
				18F74ADB1613E8D80019970B /* bottom-bar.png in Resources */,
				18F74ADC1613E8D80019970B /* bottom-bar@2x.png in Resources */,
				18F74ADD1613E8D80019970B /* close.png in Resources */,
				18F74ADE1613E8D80019970B /* close@2x.png in Resources */,
				18F74ADF1613E8D80019970B /* close_selected.png in Resources */,
				18F74AE01613E8D80019970B /* close_selected@2x.png in Resources */,
				18F74AE11613E8D80019970B /* head-frame.png in Resources */,
				18F74AE21613E8D80019970B /* head-frame@2x.png in Resources */,
				18F74AE31613E8D80019970B /* input-frame.png in Resources */,
				18F74AE41613E8D80019970B /* input-frame@2x.png in Resources */,
				18F74AE51613E8D80019970B /* PayLogo.png in Resources */,
				18F74AE61613E8D80019970B /* PayLogo@2x.png in Resources */,
				18F74AE71613E8D80019970B /* photo-frame.png in Resources */,
				18F74AE81613E8D80019970B /* photo-frame@2x.png in Resources */,
				18F74AE91613E8D80019970B /* renren-logo-top-bar.png in Resources */,
				18F74AEA1613E8D80019970B /* renren-logo-top-bar@2x.png in Resources */,
				18F74AEB1613E8D80019970B /* RepairButton.png in Resources */,
				18F74AEC1613E8D80019970B /* RepairButton@2x.png in Resources */,
				18F74AED1613E8D80019970B /* small-button-normal.png in Resources */,
				18F74AEE1613E8D80019970B /* small-button-normal@2x.png in Resources */,
				18F74B081613E8D80019970B /* ROCheckOrderCell.xib in Resources */,
				94F40E671614391B00C2A23C /* Renren-icon.png in Resources */,
				941DC2AE1614399900BC48AB /* Facebook-icon.png in Resources */,
				94AC5DB8161DC53500B5983C /* FacebookSDKResources.bundle in Resources */,
				94AC5DB9161DC53500B5983C /* FBUserSettingsViewResources.bundle in Resources */,
			);
			runOnlyForDeploymentPostprocessing = 0;
		};
		18CB516E15EBAF41009A8741 /* Resources */ = {
			isa = PBXResourcesBuildPhase;
			buildActionMask = 2147483647;
			files = (
				18CB517D15EBAF41009A8741 /* InfoPlist.strings in Resources */,
			);
			runOnlyForDeploymentPostprocessing = 0;
		};
/* End PBXResourcesBuildPhase section */

/* Begin PBXShellScriptBuildPhase section */
		18CB516F15EBAF41009A8741 /* ShellScript */ = {
			isa = PBXShellScriptBuildPhase;
			buildActionMask = 2147483647;
			files = (
			);
			inputPaths = (
			);
			outputPaths = (
			);
			runOnlyForDeploymentPostprocessing = 0;
			shellPath = /bin/sh;
			shellScript = "# Run the unit tests in this test bundle.\n\"${SYSTEM_DEVELOPER_DIR}/Tools/RunUnitTests\"\n";
		};
/* End PBXShellScriptBuildPhase section */

/* Begin PBXSourcesBuildPhase section */
		18CB514C15EBAF41009A8741 /* Sources */ = {
			isa = PBXSourcesBuildPhase;
			buildActionMask = 2147483647;
			files = (
				18CB516115EBAF41009A8741 /* main.m in Sources */,
				18CB516515EBAF41009A8741 /* AppDelegate.m in Sources */,
				18CB516B15EBAF41009A8741 /* ViewController.m in Sources */,
				18CB519715EBAF94009A8741 /* FacebookAccount.m in Sources */,
				18CB519815EBAF94009A8741 /* RenrenAccount.m in Sources */,
				18CB519915EBAF94009A8741 /* Account.m in Sources */,
				18CB519A15EBAF94009A8741 /* AggregatedContact.m in Sources */,
				18CB519B15EBAF94009A8741 /* Contact.m in Sources */,
				94E9AF8115EBBE2300940CF7 /* ContactsViewController.m in Sources */,
				94408C4F15F528C200653E77 /* ContactCell.m in Sources */,
				1806BD2715F8E82A005EEE12 /* Model.xcdatamodeld in Sources */,
				94C18D2C1605F7EF00ADF52F /* AccountsViewController.m in Sources */,
				18F74ACA1613E8D80019970B /* FMDatabase.m in Sources */,
				18F74ACB1613E8D80019970B /* FMDatabaseAdditions.m in Sources */,
				18F74ACC1613E8D80019970B /* FMResultSet.m in Sources */,
				18F74ACD1613E8D80019970B /* NSObject+SBJSON.m in Sources */,
				18F74ACE1613E8D80019970B /* NSString+SBJSON.m in Sources */,
				18F74ACF1613E8D80019970B /* SBJSON.m in Sources */,
				18F74AD01613E8D80019970B /* SBJsonBase.m in Sources */,
				18F74AD11613E8D80019970B /* SBJsonParser.m in Sources */,
				18F74AD21613E8D80019970B /* SBJsonWriter.m in Sources */,
				18F74AD31613E8D80019970B /* Renren.m in Sources */,
				18F74AD41613E8D80019970B /* RenrenPay.m in Sources */,
				18F74AD51613E8D80019970B /* ROBaseDialogViewController.m in Sources */,
				18F74AD61613E8D80019970B /* ROCheckDialogViewController.m in Sources */,
				18F74AD71613E8D80019970B /* ROPayDialogViewController.m in Sources */,
				18F74AD81613E8D80019970B /* ROWebDialogViewController.m in Sources */,
				18F74AD91613E8D80019970B /* ROError.m in Sources */,
				18F74ADA1613E8D80019970B /* ROPayError.m in Sources */,
				18F74AEF1613E8D80019970B /* ROBaseNavigationViewController.m in Sources */,
				18F74AF01613E8D80019970B /* ROCheckNavigationViewController.m in Sources */,
				18F74AF11613E8D80019970B /* ROPayNavigationViewController.m in Sources */,
				18F74AF21613E8D80019970B /* ROWebNavigationViewController.m in Sources */,
				18F74AF31613E8D80019970B /* ROPayDB.m in Sources */,
				18F74AF41613E8D80019970B /* ROPayOrderDao.m in Sources */,
				18F74AF51613E8D80019970B /* ROPayOrderInfo.m in Sources */,
				18F74AF61613E8D80019970B /* ROAlbumsInfoRequestParam.m in Sources */,
				18F74AF71613E8D80019970B /* ROCreateAlbumRequestParam.m in Sources */,
				18F74AF81613E8D80019970B /* ROGetFriendsInfoRequestParam.m in Sources */,
				18F74AF91613E8D80019970B /* ROGetFriendsRequestParam.m in Sources */,
				18F74AFA1613E8D80019970B /* ROPasswordFlowRequestParam.m in Sources */,
				18F74AFB1613E8D80019970B /* ROPublishPhotoRequestParam.m in Sources */,
				18F74AFC1613E8D80019970B /* RORequestParam.m in Sources */,
				18F74AFD1613E8D80019970B /* ROUserInfoRequestParam.m in Sources */,
				18F74AFE1613E8D80019970B /* ROAlbumResponseltem.m in Sources */,
				18F74AFF1613E8D80019970B /* ROCreateAlbumResponseItem.m in Sources */,
				18F74B001613E8D80019970B /* ROFriendResponseItem.m in Sources */,
				18F74B011613E8D80019970B /* ROPublishPhotoResponseItem.m in Sources */,
				18F74B021613E8D80019970B /* ROResponseItem.m in Sources */,
				18F74B031613E8D80019970B /* ROUserResponseItem.m in Sources */,
				18F74B041613E8D80019970B /* RORequest.m in Sources */,
				18F74B051613E8D80019970B /* ROResponse.m in Sources */,
				18F74B061613E8D80019970B /* ROUtility.m in Sources */,
				18F74B071613E8D80019970B /* ROCheckOrderCell.m in Sources */,
				18F74B091613E8D80019970B /* RODialogModel.m in Sources */,
				18F74B0A1613E8D80019970B /* RODialogView.m in Sources */,
				18F74B0B1613E8D80019970B /* ROCloseButton.m in Sources */,
				18F74B0C1613E8D80019970B /* ROGlobalStyle.m in Sources */,
				18F74B0D1613E8D80019970B /* ROImageView.m in Sources */,
				18F74B0E1613E8D80019970B /* ROPublishPhotoDialogModel.m in Sources */,
				18F74B0F1613E8D80019970B /* ROPublishPhotoInternal.m in Sources */,
				18850605161453510031398D /* AccountDetailsViewController.m in Sources */,
				188A20B51615DA8A0053641A /* AccountCell.m in Sources */,
				188A20B91615E0B80053641A /* RenrenAccountDetailsViewController.m in Sources */,
				188A20C11615F4910053641A /* MyRenrenLoginDelegate.m in Sources */,
				188A20C41615FA260053641A /* MyRenrenGetUserInfoDelegate.m in Sources */,
				18E7525D161859E9009811BE /* MyRenrenGetFriendsDelegate.m in Sources */,
				18E7526116189116009811BE /* MyRenrenGetBirthdaysFromUidsDelegate.m in Sources */,
				947895D2161AEA0400E26947 /* MyFacebookLoginDelegate.m in Sources */,
				943C7054161B2BFB00F1D987 /* FacebookAccountDetailsViewController.m in Sources */,
			);
			runOnlyForDeploymentPostprocessing = 0;
		};
		18CB516C15EBAF41009A8741 /* Sources */ = {
			isa = PBXSourcesBuildPhase;
			buildActionMask = 2147483647;
			files = (
				18CB518015EBAF41009A8741 /* BDReminderNewTests.m in Sources */,
			);
			runOnlyForDeploymentPostprocessing = 0;
		};
/* End PBXSourcesBuildPhase section */

/* Begin PBXTargetDependency section */
		18CB517715EBAF41009A8741 /* PBXTargetDependency */ = {
			isa = PBXTargetDependency;
			target = 18CB514F15EBAF41009A8741 /* BDReminderNew */;
			targetProxy = 18CB517615EBAF41009A8741 /* PBXContainerItemProxy */;
		};
/* End PBXTargetDependency section */

/* Begin PBXVariantGroup section */
		18CB515D15EBAF41009A8741 /* InfoPlist.strings */ = {
			isa = PBXVariantGroup;
			children = (
				18CB515E15EBAF41009A8741 /* en */,
			);
			name = InfoPlist.strings;
			sourceTree = "<group>";
		};
		18CB516615EBAF41009A8741 /* MainStoryboard.storyboard */ = {
			isa = PBXVariantGroup;
			children = (
				18CB516715EBAF41009A8741 /* en */,
			);
			name = MainStoryboard.storyboard;
			sourceTree = "<group>";
		};
		18CB517B15EBAF41009A8741 /* InfoPlist.strings */ = {
			isa = PBXVariantGroup;
			children = (
				18CB517C15EBAF41009A8741 /* en */,
			);
			name = InfoPlist.strings;
			sourceTree = "<group>";
		};
/* End PBXVariantGroup section */

/* Begin XCBuildConfiguration section */
		18CB518115EBAF42009A8741 /* Debug */ = {
			isa = XCBuildConfiguration;
			buildSettings = {
				ALWAYS_SEARCH_USER_PATHS = NO;
				ARCHS = "$(ARCHS_STANDARD_32_BIT)";
				CLANG_CXX_LANGUAGE_STANDARD = "gnu++0x";
				CLANG_ENABLE_OBJC_ARC = YES;
				CLANG_WARN__DUPLICATE_METHOD_MATCH = YES;
				"CODE_SIGN_IDENTITY[sdk=iphoneos*]" = "iPhone Developer";
				COPY_PHASE_STRIP = NO;
				GCC_C_LANGUAGE_STANDARD = gnu99;
				GCC_DYNAMIC_NO_PIC = NO;
				GCC_OPTIMIZATION_LEVEL = 0;
				GCC_PREPROCESSOR_DEFINITIONS = (
					"DEBUG=1",
					"$(inherited)",
				);
				GCC_SYMBOLS_PRIVATE_EXTERN = NO;
				GCC_VERSION = com.apple.compilers.llvm.clang.1_0;
				GCC_WARN_ABOUT_RETURN_TYPE = YES;
				GCC_WARN_UNINITIALIZED_AUTOS = YES;
				GCC_WARN_UNUSED_VARIABLE = YES;
				IPHONEOS_DEPLOYMENT_TARGET = 5.1;
				SDKROOT = iphoneos;
			};
			name = Debug;
		};
		18CB518215EBAF42009A8741 /* Release */ = {
			isa = XCBuildConfiguration;
			buildSettings = {
				ALWAYS_SEARCH_USER_PATHS = NO;
				ARCHS = "$(ARCHS_STANDARD_32_BIT)";
				CLANG_CXX_LANGUAGE_STANDARD = "gnu++0x";
				CLANG_ENABLE_OBJC_ARC = YES;
				CLANG_WARN__DUPLICATE_METHOD_MATCH = YES;
				"CODE_SIGN_IDENTITY[sdk=iphoneos*]" = "iPhone Developer";
				COPY_PHASE_STRIP = YES;
				GCC_C_LANGUAGE_STANDARD = gnu99;
				GCC_VERSION = com.apple.compilers.llvm.clang.1_0;
				GCC_WARN_ABOUT_RETURN_TYPE = YES;
				GCC_WARN_UNINITIALIZED_AUTOS = YES;
				GCC_WARN_UNUSED_VARIABLE = YES;
				IPHONEOS_DEPLOYMENT_TARGET = 5.1;
				OTHER_CFLAGS = "-DNS_BLOCK_ASSERTIONS=1";
				SDKROOT = iphoneos;
				VALIDATE_PRODUCT = YES;
			};
			name = Release;
		};
		18CB518415EBAF42009A8741 /* Debug */ = {
			isa = XCBuildConfiguration;
			buildSettings = {
				FRAMEWORK_SEARCH_PATHS = (
					"$(inherited)",
					"\"$(SRCROOT)/../Documents/FacebookSDK\"",
					"\"$(SRCROOT)\"",
					"\"$(SRCROOT)/BDReminderNew\"",
				);
				GCC_PRECOMPILE_PREFIX_HEADER = YES;
				GCC_PREFIX_HEADER = "BDReminderNew/BDReminderNew-Prefix.pch";
				INFOPLIST_FILE = "BDReminderNew/BDReminderNew-Info.plist";
				OTHER_LDFLAGS = "-lsqlite3.0";
				PRODUCT_NAME = "$(TARGET_NAME)";
				WRAPPER_EXTENSION = app;
			};
			name = Debug;
		};
		18CB518515EBAF42009A8741 /* Release */ = {
			isa = XCBuildConfiguration;
			buildSettings = {
				FRAMEWORK_SEARCH_PATHS = (
					"$(inherited)",
					"\"$(SRCROOT)/../Documents/FacebookSDK\"",
					"\"$(SRCROOT)\"",
					"\"$(SRCROOT)/BDReminderNew\"",
				);
				GCC_PRECOMPILE_PREFIX_HEADER = YES;
				GCC_PREFIX_HEADER = "BDReminderNew/BDReminderNew-Prefix.pch";
				INFOPLIST_FILE = "BDReminderNew/BDReminderNew-Info.plist";
				OTHER_LDFLAGS = "-lsqlite3.0";
				PRODUCT_NAME = "$(TARGET_NAME)";
				WRAPPER_EXTENSION = app;
			};
			name = Release;
		};
		18CB518715EBAF42009A8741 /* Debug */ = {
			isa = XCBuildConfiguration;
			buildSettings = {
				BUNDLE_LOADER = "$(BUILT_PRODUCTS_DIR)/BDReminderNew.app/BDReminderNew";
				FRAMEWORK_SEARCH_PATHS = (
					"\"$(SDKROOT)/Developer/Library/Frameworks\"",
					"\"$(DEVELOPER_LIBRARY_DIR)/Frameworks\"",
				);
				GCC_PRECOMPILE_PREFIX_HEADER = YES;
				GCC_PREFIX_HEADER = "BDReminderNew/BDReminderNew-Prefix.pch";
				INFOPLIST_FILE = "BDReminderNewTests/BDReminderNewTests-Info.plist";
				PRODUCT_NAME = "$(TARGET_NAME)";
				TEST_HOST = "$(BUNDLE_LOADER)";
				WRAPPER_EXTENSION = octest;
			};
			name = Debug;
		};
		18CB518815EBAF42009A8741 /* Release */ = {
			isa = XCBuildConfiguration;
			buildSettings = {
				BUNDLE_LOADER = "$(BUILT_PRODUCTS_DIR)/BDReminderNew.app/BDReminderNew";
				FRAMEWORK_SEARCH_PATHS = (
					"\"$(SDKROOT)/Developer/Library/Frameworks\"",
					"\"$(DEVELOPER_LIBRARY_DIR)/Frameworks\"",
				);
				GCC_PRECOMPILE_PREFIX_HEADER = YES;
				GCC_PREFIX_HEADER = "BDReminderNew/BDReminderNew-Prefix.pch";
				INFOPLIST_FILE = "BDReminderNewTests/BDReminderNewTests-Info.plist";
				PRODUCT_NAME = "$(TARGET_NAME)";
				TEST_HOST = "$(BUNDLE_LOADER)";
				WRAPPER_EXTENSION = octest;
			};
			name = Release;
		};
/* End XCBuildConfiguration section */

/* Begin XCConfigurationList section */
		18CB514A15EBAF41009A8741 /* Build configuration list for PBXProject "BDReminderNew" */ = {
			isa = XCConfigurationList;
			buildConfigurations = (
				18CB518115EBAF42009A8741 /* Debug */,
				18CB518215EBAF42009A8741 /* Release */,
			);
			defaultConfigurationIsVisible = 0;
			defaultConfigurationName = Release;
		};
		18CB518315EBAF42009A8741 /* Build configuration list for PBXNativeTarget "BDReminderNew" */ = {
			isa = XCConfigurationList;
			buildConfigurations = (
				18CB518415EBAF42009A8741 /* Debug */,
				18CB518515EBAF42009A8741 /* Release */,
			);
			defaultConfigurationIsVisible = 0;
			defaultConfigurationName = Release;
		};
		18CB518615EBAF42009A8741 /* Build configuration list for PBXNativeTarget "BDReminderNewTests" */ = {
			isa = XCConfigurationList;
			buildConfigurations = (
				18CB518715EBAF42009A8741 /* Debug */,
				18CB518815EBAF42009A8741 /* Release */,
			);
			defaultConfigurationIsVisible = 0;
			defaultConfigurationName = Release;
		};
/* End XCConfigurationList section */

/* Begin XCVersionGroup section */
		1806BD2415F8E82A005EEE12 /* Model.xcdatamodeld */ = {
			isa = XCVersionGroup;
			children = (
				1806BD2515F8E82A005EEE12 /* Model 2.xcdatamodel */,
				1806BD2615F8E82A005EEE12 /* Model.xcdatamodel */,
			);
			currentVersion = 1806BD2515F8E82A005EEE12 /* Model 2.xcdatamodel */;
			path = Model.xcdatamodeld;
			sourceTree = "<group>";
			versionGroupType = wrapper.xcdatamodel;
		};
/* End XCVersionGroup section */
	};
	rootObject = 18CB514715EBAF41009A8741 /* Project object */;
}
